// !$*UTF8*$!
{
	archiveVersion = 1;
	classes = {
	};
	objectVersion = 50;
	objects = {

/* Begin PBXBuildFile section */
		2B853C1226A981FF00F0466F /* SnowSeekerApp.swift in Sources */ = {isa = PBXBuildFile; fileRef = 2B853BFF26A981FC00F0466F /* SnowSeekerApp.swift */; };
		2B853C1326A981FF00F0466F /* SnowSeekerApp.swift in Sources */ = {isa = PBXBuildFile; fileRef = 2B853BFF26A981FC00F0466F /* SnowSeekerApp.swift */; };
		2B853C1426A981FF00F0466F /* ContentView.swift in Sources */ = {isa = PBXBuildFile; fileRef = 2B853C0026A981FC00F0466F /* ContentView.swift */; };
		2B853C1526A981FF00F0466F /* ContentView.swift in Sources */ = {isa = PBXBuildFile; fileRef = 2B853C0026A981FC00F0466F /* ContentView.swift */; };
		2B853C1626A981FF00F0466F /* Assets.xcassets in Resources */ = {isa = PBXBuildFile; fileRef = 2B853C0126A981FF00F0466F /* Assets.xcassets */; };
		2B853C1726A981FF00F0466F /* Assets.xcassets in Resources */ = {isa = PBXBuildFile; fileRef = 2B853C0126A981FF00F0466F /* Assets.xcassets */; };
		2B853C2126A9822600F0466F /* resorts.json in Resources */ = {isa = PBXBuildFile; fileRef = 2B853C2026A9822600F0466F /* resorts.json */; };
		2B853C2226A9822600F0466F /* resorts.json in Resources */ = {isa = PBXBuildFile; fileRef = 2B853C2026A9822600F0466F /* resorts.json */; };
		2B853C2426A982BB00F0466F /* Resort.swift in Sources */ = {isa = PBXBuildFile; fileRef = 2B853C2326A982BB00F0466F /* Resort.swift */; };
		2B853C2526A982BB00F0466F /* Resort.swift in Sources */ = {isa = PBXBuildFile; fileRef = 2B853C2326A982BB00F0466F /* Resort.swift */; };
		2B853C2726A98BB600F0466F /* WelcomView.swift in Sources */ = {isa = PBXBuildFile; fileRef = 2B853C2626A98BB600F0466F /* WelcomView.swift */; };
		2B853C2826A98BB600F0466F /* WelcomView.swift in Sources */ = {isa = PBXBuildFile; fileRef = 2B853C2626A98BB600F0466F /* WelcomView.swift */; };
		2B853C2A26A9AB4300F0466F /* ResortView.swift in Sources */ = {isa = PBXBuildFile; fileRef = 2B853C2926A9AB4300F0466F /* ResortView.swift */; };
		2B853C2B26A9AB4300F0466F /* ResortView.swift in Sources */ = {isa = PBXBuildFile; fileRef = 2B853C2926A9AB4300F0466F /* ResortView.swift */; };
		2B853C2D26A9ADA900F0466F /* FacilityView.swift in Sources */ = {isa = PBXBuildFile; fileRef = 2B853C2C26A9ADA900F0466F /* FacilityView.swift */; };
		2B853C2E26A9ADA900F0466F /* FacilityView.swift in Sources */ = {isa = PBXBuildFile; fileRef = 2B853C2C26A9ADA900F0466F /* FacilityView.swift */; };
/* End PBXBuildFile section */

/* Begin PBXFileReference section */
		2B853BFF26A981FC00F0466F /* SnowSeekerApp.swift */ = {isa = PBXFileReference; lastKnownFileType = sourcecode.swift; path = SnowSeekerApp.swift; sourceTree = "<group>"; };
		2B853C0026A981FC00F0466F /* ContentView.swift */ = {isa = PBXFileReference; lastKnownFileType = sourcecode.swift; path = ContentView.swift; sourceTree = "<group>"; };
		2B853C0126A981FF00F0466F /* Assets.xcassets */ = {isa = PBXFileReference; lastKnownFileType = folder.assetcatalog; path = Assets.xcassets; sourceTree = "<group>"; };
		2B853C0626A981FF00F0466F /* SnowSeeker.app */ = {isa = PBXFileReference; explicitFileType = wrapper.application; includeInIndex = 0; path = SnowSeeker.app; sourceTree = BUILT_PRODUCTS_DIR; };
		2B853C0926A981FF00F0466F /* Info.plist */ = {isa = PBXFileReference; lastKnownFileType = text.plist.xml; path = Info.plist; sourceTree = "<group>"; };
		2B853C0E26A981FF00F0466F /* SnowSeeker.app */ = {isa = PBXFileReference; explicitFileType = wrapper.application; includeInIndex = 0; path = SnowSeeker.app; sourceTree = BUILT_PRODUCTS_DIR; };
		2B853C1026A981FF00F0466F /* Info.plist */ = {isa = PBXFileReference; lastKnownFileType = text.plist.xml; path = Info.plist; sourceTree = "<group>"; };
		2B853C1126A981FF00F0466F /* macOS.entitlements */ = {isa = PBXFileReference; lastKnownFileType = text.plist.entitlements; path = macOS.entitlements; sourceTree = "<group>"; };
		2B853C2026A9822600F0466F /* resorts.json */ = {isa = PBXFileReference; fileEncoding = 4; lastKnownFileType = text.json; path = resorts.json; sourceTree = "<group>"; };
		2B853C2326A982BB00F0466F /* Resort.swift */ = {isa = PBXFileReference; lastKnownFileType = sourcecode.swift; path = Resort.swift; sourceTree = "<group>"; };
		2B853C2626A98BB600F0466F /* WelcomView.swift */ = {isa = PBXFileReference; lastKnownFileType = sourcecode.swift; path = WelcomView.swift; sourceTree = "<group>"; };
		2B853C2926A9AB4300F0466F /* ResortView.swift */ = {isa = PBXFileReference; lastKnownFileType = sourcecode.swift; path = ResortView.swift; sourceTree = "<group>"; };
		2B853C2C26A9ADA900F0466F /* FacilityView.swift */ = {isa = PBXFileReference; lastKnownFileType = sourcecode.swift; path = FacilityView.swift; sourceTree = "<group>"; };
/* End PBXFileReference section */

/* Begin PBXFrameworksBuildPhase section */
		2B853C0326A981FF00F0466F /* Frameworks */ = {
			isa = PBXFrameworksBuildPhase;
			buildActionMask = 2147483647;
			files = (
			);
			runOnlyForDeploymentPostprocessing = 0;
		};
		2B853C0B26A981FF00F0466F /* Frameworks */ = {
			isa = PBXFrameworksBuildPhase;
			buildActionMask = 2147483647;
			files = (
			);
			runOnlyForDeploymentPostprocessing = 0;
		};
/* End PBXFrameworksBuildPhase section */

/* Begin PBXGroup section */
		2B853BF926A981FC00F0466F = {
			isa = PBXGroup;
			children = (
				2B853BFE26A981FC00F0466F /* Shared */,
				2B853C0826A981FF00F0466F /* iOS */,
				2B853C0F26A981FF00F0466F /* macOS */,
				2B853C0726A981FF00F0466F /* Products */,
			);
			sourceTree = "<group>";
		};
		2B853BFE26A981FC00F0466F /* Shared */ = {
			isa = PBXGroup;
			children = (
				2B853BFF26A981FC00F0466F /* SnowSeekerApp.swift */,
				2B853C0026A981FC00F0466F /* ContentView.swift */,
				2B853C2926A9AB4300F0466F /* ResortView.swift */,
				2B853C2626A98BB600F0466F /* WelcomView.swift */,
				2B853C2326A982BB00F0466F /* Resort.swift */,
				2B853C0126A981FF00F0466F /* Assets.xcassets */,
				2B853C2026A9822600F0466F /* resorts.json */,
				2B853C2C26A9ADA900F0466F /* FacilityView.swift */,
			);
			path = Shared;
			sourceTree = "<group>";
		};
		2B853C0726A981FF00F0466F /* Products */ = {
			isa = PBXGroup;
			children = (
				2B853C0626A981FF00F0466F /* SnowSeeker.app */,
				2B853C0E26A981FF00F0466F /* SnowSeeker.app */,
			);
			name = Products;
			sourceTree = "<group>";
		};
		2B853C0826A981FF00F0466F /* iOS */ = {
			isa = PBXGroup;
			children = (
				2B853C0926A981FF00F0466F /* Info.plist */,
			);
			path = iOS;
			sourceTree = "<group>";
		};
		2B853C0F26A981FF00F0466F /* macOS */ = {
			isa = PBXGroup;
			children = (
				2B853C1026A981FF00F0466F /* Info.plist */,
				2B853C1126A981FF00F0466F /* macOS.entitlements */,
			);
			path = macOS;
			sourceTree = "<group>";
		};
/* End PBXGroup section */

/* Begin PBXNativeTarget section */
		2B853C0526A981FF00F0466F /* SnowSeeker (iOS) */ = {
			isa = PBXNativeTarget;
			buildConfigurationList = 2B853C1A26A981FF00F0466F /* Build configuration list for PBXNativeTarget "SnowSeeker (iOS)" */;
			buildPhases = (
				2B853C0226A981FF00F0466F /* Sources */,
				2B853C0326A981FF00F0466F /* Frameworks */,
				2B853C0426A981FF00F0466F /* Resources */,
			);
			buildRules = (
			);
			dependencies = (
			);
			name = "SnowSeeker (iOS)";
			productName = "SnowSeeker (iOS)";
			productReference = 2B853C0626A981FF00F0466F /* SnowSeeker.app */;
			productType = "com.apple.product-type.application";
		};
		2B853C0D26A981FF00F0466F /* SnowSeeker (macOS) */ = {
			isa = PBXNativeTarget;
			buildConfigurationList = 2B853C1D26A981FF00F0466F /* Build configuration list for PBXNativeTarget "SnowSeeker (macOS)" */;
			buildPhases = (
				2B853C0A26A981FF00F0466F /* Sources */,
				2B853C0B26A981FF00F0466F /* Frameworks */,
				2B853C0C26A981FF00F0466F /* Resources */,
			);
			buildRules = (
			);
			dependencies = (
			);
			name = "SnowSeeker (macOS)";
			productName = "SnowSeeker (macOS)";
			productReference = 2B853C0E26A981FF00F0466F /* SnowSeeker.app */;
			productType = "com.apple.product-type.application";
		};
/* End PBXNativeTarget section */

/* Begin PBXProject section */
		2B853BFA26A981FC00F0466F /* Project object */ = {
			isa = PBXProject;
			attributes = {
				LastSwiftUpdateCheck = 1250;
				LastUpgradeCheck = 1250;
				TargetAttributes = {
					2B853C0526A981FF00F0466F = {
						CreatedOnToolsVersion = 12.5.1;
					};
					2B853C0D26A981FF00F0466F = {
						CreatedOnToolsVersion = 12.5.1;
					};
				};
			};
			buildConfigurationList = 2B853BFD26A981FC00F0466F /* Build configuration list for PBXProject "SnowSeeker" */;
			compatibilityVersion = "Xcode 9.3";
			developmentRegion = en;
			hasScannedForEncodings = 0;
			knownRegions = (
				en,
				Base,
			);
			mainGroup = 2B853BF926A981FC00F0466F;
			productRefGroup = 2B853C0726A981FF00F0466F /* Products */;
			projectDirPath = "";
			projectRoot = "";
			targets = (
				2B853C0526A981FF00F0466F /* SnowSeeker (iOS) */,
				2B853C0D26A981FF00F0466F /* SnowSeeker (macOS) */,
			);
		};
/* End PBXProject section */

/* Begin PBXResourcesBuildPhase section */
		2B853C0426A981FF00F0466F /* Resources */ = {
			isa = PBXResourcesBuildPhase;
			buildActionMask = 2147483647;
			files = (
				2B853C2126A9822600F0466F /* resorts.json in Resources */,
				2B853C1626A981FF00F0466F /* Assets.xcassets in Resources */,
			);
			runOnlyForDeploymentPostprocessing = 0;
		};
		2B853C0C26A981FF00F0466F /* Resources */ = {
			isa = PBXResourcesBuildPhase;
			buildActionMask = 2147483647;
			files = (
				2B853C2226A9822600F0466F /* resorts.json in Resources */,
				2B853C1726A981FF00F0466F /* Assets.xcassets in Resources */,
			);
			runOnlyForDeploymentPostprocessing = 0;
		};
/* End PBXResourcesBuildPhase section */

/* Begin PBXSourcesBuildPhase section */
		2B853C0226A981FF00F0466F /* Sources */ = {
			isa = PBXSourcesBuildPhase;
			buildActionMask = 2147483647;
			files = (
				2B853C1426A981FF00F0466F /* ContentView.swift in Sources */,
				2B853C2726A98BB600F0466F /* WelcomView.swift in Sources */,
				2B853C2A26A9AB4300F0466F /* ResortView.swift in Sources */,
				2B853C2426A982BB00F0466F /* Resort.swift in Sources */,
				2B853C1226A981FF00F0466F /* SnowSeekerApp.swift in Sources */,
				2B853C2D26A9ADA900F0466F /* FacilityView.swift in Sources */,
			);
			runOnlyForDeploymentPostprocessing = 0;
		};
		2B853C0A26A981FF00F0466F /* Sources */ = {
			isa = PBXSourcesBuildPhase;
			buildActionMask = 2147483647;
			files = (
				2B853C1526A981FF00F0466F /* ContentView.swift in Sources */,
				2B853C2826A98BB600F0466F /* WelcomView.swift in Sources */,
				2B853C2B26A9AB4300F0466F /* ResortView.swift in Sources */,
				2B853C2526A982BB00F0466F /* Resort.swift in Sources */,
				2B853C1326A981FF00F0466F /* SnowSeekerApp.swift in Sources */,
				2B853C2E26A9ADA900F0466F /* FacilityView.swift in Sources */,
			);
			runOnlyForDeploymentPostprocessing = 0;
		};
/* End PBXSourcesBuildPhase section */

/* Begin XCBuildConfiguration section */
		2B853C1826A981FF00F0466F /* Debug */ = {
			isa = XCBuildConfiguration;
			buildSettings = {
				ALWAYS_SEARCH_USER_PATHS = NO;
				CLANG_ANALYZER_NONNULL = YES;
				CLANG_ANALYZER_NUMBER_OBJECT_CONVERSION = YES_AGGRESSIVE;
				CLANG_CXX_LANGUAGE_STANDARD = "gnu++14";
				CLANG_CXX_LIBRARY = "libc++";
				CLANG_ENABLE_MODULES = YES;
				CLANG_ENABLE_OBJC_ARC = YES;
				CLANG_ENABLE_OBJC_WEAK = YES;
				CLANG_WARN_BLOCK_CAPTURE_AUTORELEASING = YES;
				CLANG_WARN_BOOL_CONVERSION = YES;
				CLANG_WARN_COMMA = YES;
				CLANG_WARN_CONSTANT_CONVERSION = YES;
				CLANG_WARN_DEPRECATED_OBJC_IMPLEMENTATIONS = YES;
				CLANG_WARN_DIRECT_OBJC_ISA_USAGE = YES_ERROR;
				CLANG_WARN_DOCUMENTATION_COMMENTS = YES;
				CLANG_WARN_EMPTY_BODY = YES;
				CLANG_WARN_ENUM_CONVERSION = YES;
				CLANG_WARN_INFINITE_RECURSION = YES;
				CLANG_WARN_INT_CONVERSION = YES;
				CLANG_WARN_NON_LITERAL_NULL_CONVERSION = YES;
				CLANG_WARN_OBJC_IMPLICIT_RETAIN_SELF = YES;
				CLANG_WARN_OBJC_LITERAL_CONVERSION = YES;
				CLANG_WARN_OBJC_ROOT_CLASS = YES_ERROR;
				CLANG_WARN_QUOTED_INCLUDE_IN_FRAMEWORK_HEADER = YES;
				CLANG_WARN_RANGE_LOOP_ANALYSIS = YES;
				CLANG_WARN_STRICT_PROTOTYPES = YES;
				CLANG_WARN_SUSPICIOUS_MOVE = YES;
				CLANG_WARN_UNGUARDED_AVAILABILITY = YES_AGGRESSIVE;
				CLANG_WARN_UNREACHABLE_CODE = YES;
				CLANG_WARN__DUPLICATE_METHOD_MATCH = YES;
				COPY_PHASE_STRIP = NO;
				DEBUG_INFORMATION_FORMAT = dwarf;
				ENABLE_STRICT_OBJC_MSGSEND = YES;
				ENABLE_TESTABILITY = YES;
				GCC_C_LANGUAGE_STANDARD = gnu11;
				GCC_DYNAMIC_NO_PIC = NO;
				GCC_NO_COMMON_BLOCKS = YES;
				GCC_OPTIMIZATION_LEVEL = 0;
				GCC_PREPROCESSOR_DEFINITIONS = (
					"DEBUG=1",
					"$(inherited)",
				);
				GCC_WARN_64_TO_32_BIT_CONVERSION = YES;
				GCC_WARN_ABOUT_RETURN_TYPE = YES_ERROR;
				GCC_WARN_UNDECLARED_SELECTOR = YES;
				GCC_WARN_UNINITIALIZED_AUTOS = YES_AGGRESSIVE;
				GCC_WARN_UNUSED_FUNCTION = YES;
				GCC_WARN_UNUSED_VARIABLE = YES;
				MTL_ENABLE_DEBUG_INFO = INCLUDE_SOURCE;
				MTL_FAST_MATH = YES;
				ONLY_ACTIVE_ARCH = YES;
				SWIFT_ACTIVE_COMPILATION_CONDITIONS = DEBUG;
				SWIFT_OPTIMIZATION_LEVEL = "-Onone";
			};
			name = Debug;
		};
		2B853C1926A981FF00F0466F /* Release */ = {
			isa = XCBuildConfiguration;
			buildSettings = {
				ALWAYS_SEARCH_USER_PATHS = NO;
				CLANG_ANALYZER_NONNULL = YES;
				CLANG_ANALYZER_NUMBER_OBJECT_CONVERSION = YES_AGGRESSIVE;
				CLANG_CXX_LANGUAGE_STANDARD = "gnu++14";
				CLANG_CXX_LIBRARY = "libc++";
				CLANG_ENABLE_MODULES = YES;
				CLANG_ENABLE_OBJC_ARC = YES;
				CLANG_ENABLE_OBJC_WEAK = YES;
				CLANG_WARN_BLOCK_CAPTURE_AUTORELEASING = YES;
				CLANG_WARN_BOOL_CONVERSION = YES;
				CLANG_WARN_COMMA = YES;
				CLANG_WARN_CONSTANT_CONVERSION = YES;
				CLANG_WARN_DEPRECATED_OBJC_IMPLEMENTATIONS = YES;
				CLANG_WARN_DIRECT_OBJC_ISA_USAGE = YES_ERROR;
				CLANG_WARN_DOCUMENTATION_COMMENTS = YES;
				CLANG_WARN_EMPTY_BODY = YES;
				CLANG_WARN_ENUM_CONVERSION = YES;
				CLANG_WARN_INFINITE_RECURSION = YES;
				CLANG_WARN_INT_CONVERSION = YES;
				CLANG_WARN_NON_LITERAL_NULL_CONVERSION = YES;
				CLANG_WARN_OBJC_IMPLICIT_RETAIN_SELF = YES;
				CLANG_WARN_OBJC_LITERAL_CONVERSION = YES;
				CLANG_WARN_OBJC_ROOT_CLASS = YES_ERROR;
				CLANG_WARN_QUOTED_INCLUDE_IN_FRAMEWORK_HEADER = YES;
				CLANG_WARN_RANGE_LOOP_ANALYSIS = YES;
				CLANG_WARN_STRICT_PROTOTYPES = YES;
				CLANG_WARN_SUSPICIOUS_MOVE = YES;
				CLANG_WARN_UNGUARDED_AVAILABILITY = YES_AGGRESSIVE;
				CLANG_WARN_UNREACHABLE_CODE = YES;
				CLANG_WARN__DUPLICATE_METHOD_MATCH = YES;
				COPY_PHASE_STRIP = NO;
				DEBUG_INFORMATION_FORMAT = "dwarf-with-dsym";
				ENABLE_NS_ASSERTIONS = NO;
				ENABLE_STRICT_OBJC_MSGSEND = YES;
				GCC_C_LANGUAGE_STANDARD = gnu11;
				GCC_NO_COMMON_BLOCKS = YES;
				GCC_WARN_64_TO_32_BIT_CONVERSION = YES;
				GCC_WARN_ABOUT_RETURN_TYPE = YES_ERROR;
				GCC_WARN_UNDECLARED_SELECTOR = YES;
				GCC_WARN_UNINITIALIZED_AUTOS = YES_AGGRESSIVE;
				GCC_WARN_UNUSED_FUNCTION = YES;
				GCC_WARN_UNUSED_VARIABLE = YES;
				MTL_ENABLE_DEBUG_INFO = NO;
				MTL_FAST_MATH = YES;
				SWIFT_COMPILATION_MODE = wholemodule;
				SWIFT_OPTIMIZATION_LEVEL = "-O";
			};
			name = Release;
		};
		2B853C1B26A981FF00F0466F /* Debug */ = {
			isa = XCBuildConfiguration;
			buildSettings = {
				ASSETCATALOG_COMPILER_APPICON_NAME = AppIcon;
				ASSETCATALOG_COMPILER_GLOBAL_ACCENT_COLOR_NAME = AccentColor;
				CODE_SIGN_STYLE = Automatic;
				DEVELOPMENT_TEAM = F7Y6W8MA3D;
				ENABLE_PREVIEWS = YES;
				INFOPLIST_FILE = iOS/Info.plist;
				IPHONEOS_DEPLOYMENT_TARGET = 14.0;
				LD_RUNPATH_SEARCH_PATHS = (
					"$(inherited)",
					"@executable_path/Frameworks",
				);
				PRODUCT_BUNDLE_IDENTIFIER = cydiater.SnowSeeker;
				PRODUCT_NAME = SnowSeeker;
				SDKROOT = iphoneos;
				SWIFT_VERSION = 5.0;
				TARGETED_DEVICE_FAMILY = "1,2";
			};
			name = Debug;
		};
		2B853C1C26A981FF00F0466F /* Release */ = {
			isa = XCBuildConfiguration;
			buildSettings = {
				ASSETCATALOG_COMPILER_APPICON_NAME = AppIcon;
				ASSETCATALOG_COMPILER_GLOBAL_ACCENT_COLOR_NAME = AccentColor;
				CODE_SIGN_STYLE = Automatic;
				DEVELOPMENT_TEAM = F7Y6W8MA3D;
				ENABLE_PREVIEWS = YES;
				INFOPLIST_FILE = iOS/Info.plist;
				IPHONEOS_DEPLOYMENT_TARGET = 14.0;
				LD_RUNPATH_SEARCH_PATHS = (
					"$(inherited)",
					"@executable_path/Frameworks",
				);
				PRODUCT_BUNDLE_IDENTIFIER = cydiater.SnowSeeker;
				PRODUCT_NAME = SnowSeeker;
				SDKROOT = iphoneos;
				SWIFT_VERSION = 5.0;
				TARGETED_DEVICE_FAMILY = "1,2";
				VALIDATE_PRODUCT = YES;
			};
			name = Release;
		};
		2B853C1E26A981FF00F0466F /* Debug */ = {
			isa = XCBuildConfiguration;
			buildSettings = {
				ASSETCATALOG_COMPILER_APPICON_NAME = AppIcon;
				ASSETCATALOG_COMPILER_GLOBAL_ACCENT_COLOR_NAME = AccentColor;
				CODE_SIGN_ENTITLEMENTS = macOS/macOS.entitlements;
				CODE_SIGN_STYLE = Automatic;
				COMBINE_HIDPI_IMAGES = YES;
				DEVELOPMENT_TEAM = F7Y6W8MA3D;
				ENABLE_HARDENED_RUNTIME = YES;
				ENABLE_PREVIEWS = YES;
				INFOPLIST_FILE = macOS/Info.plist;
				LD_RUNPATH_SEARCH_PATHS = (
					"$(inherited)",
					"@executable_path/../Frameworks",
				);
				MACOSX_DEPLOYMENT_TARGET = 11.0;
				PRODUCT_BUNDLE_IDENTIFIER = cydiater.SnowSeeker;
				PRODUCT_NAME = SnowSeeker;
				SDKROOT = macosx;
				SWIFT_VERSION = 5.0;
			};
			name = Debug;
		};
		2B853C1F26A981FF00F0466F /* Release */ = {
			isa = XCBuildConfiguration;
			buildSettings = {
				ASSETCATALOG_COMPILER_APPICON_NAME = AppIcon;
				ASSETCATALOG_COMPILER_GLOBAL_ACCENT_COLOR_NAME = AccentColor;
				CODE_SIGN_ENTITLEMENTS = macOS/macOS.entitlements;
				CODE_SIGN_STYLE = Automatic;
				COMBINE_HIDPI_IMAGES = YES;
				DEVELOPMENT_TEAM = F7Y6W8MA3D;
				ENABLE_HARDENED_RUNTIME = YES;
				ENABLE_PREVIEWS = YES;
				INFOPLIST_FILE = macOS/Info.plist;
				LD_RUNPATH_SEARCH_PATHS = (
					"$(inherited)",
					"@executable_path/../Frameworks",
				);
				MACOSX_DEPLOYMENT_TARGET = 11.0;
				PRODUCT_BUNDLE_IDENTIFIER = cydiater.SnowSeeker;
				PRODUCT_NAME = SnowSeeker;
				SDKROOT = macosx;
				SWIFT_VERSION = 5.0;
			};
			name = Release;
		};
/* End XCBuildConfiguration section */

/* Begin XCConfigurationList section */
		2B853BFD26A981FC00F0466F /* Build configuration list for PBXProject "SnowSeeker" */ = {
			isa = XCConfigurationList;
			buildConfigurations = (
				2B853C1826A981FF00F0466F /* Debug */,
				2B853C1926A981FF00F0466F /* Release */,
			);
			defaultConfigurationIsVisible = 0;
			defaultConfigurationName = Release;
		};
		2B853C1A26A981FF00F0466F /* Build configuration list for PBXNativeTarget "SnowSeeker (iOS)" */ = {
			isa = XCConfigurationList;
			buildConfigurations = (
				2B853C1B26A981FF00F0466F /* Debug */,
				2B853C1C26A981FF00F0466F /* Release */,
			);
			defaultConfigurationIsVisible = 0;
			defaultConfigurationName = Release;
		};
		2B853C1D26A981FF00F0466F /* Build configuration list for PBXNativeTarget "SnowSeeker (macOS)" */ = {
			isa = XCConfigurationList;
			buildConfigurations = (
				2B853C1E26A981FF00F0466F /* Debug */,
				2B853C1F26A981FF00F0466F /* Release */,
			);
			defaultConfigurationIsVisible = 0;
			defaultConfigurationName = Release;
		};
/* End XCConfigurationList section */
	};
	rootObject = 2B853BFA26A981FC00F0466F /* Project object */;
}
