// !$*UTF8*$!
{
	archiveVersion = 1;
	classes = {
	};
	objectVersion = 50;
	objects = {

/* Begin PBXBuildFile section */
		2B9EE8CC268AF78900CCFB6D /* MoonshotApp.swift in Sources */ = {isa = PBXBuildFile; fileRef = 2B9EE8B9268AF78600CCFB6D /* MoonshotApp.swift */; };
		2B9EE8CD268AF78900CCFB6D /* MoonshotApp.swift in Sources */ = {isa = PBXBuildFile; fileRef = 2B9EE8B9268AF78600CCFB6D /* MoonshotApp.swift */; };
		2B9EE8CE268AF78900CCFB6D /* ContentView.swift in Sources */ = {isa = PBXBuildFile; fileRef = 2B9EE8BA268AF78600CCFB6D /* ContentView.swift */; };
		2B9EE8CF268AF78900CCFB6D /* ContentView.swift in Sources */ = {isa = PBXBuildFile; fileRef = 2B9EE8BA268AF78600CCFB6D /* ContentView.swift */; };
		2B9EE8D0268AF78900CCFB6D /* Assets.xcassets in Resources */ = {isa = PBXBuildFile; fileRef = 2B9EE8BB268AF78900CCFB6D /* Assets.xcassets */; };
		2B9EE8D1268AF78900CCFB6D /* Assets.xcassets in Resources */ = {isa = PBXBuildFile; fileRef = 2B9EE8BB268AF78900CCFB6D /* Assets.xcassets */; };
		2B9EE8DC268AF7BF00CCFB6D /* missions.json in Resources */ = {isa = PBXBuildFile; fileRef = 2B9EE8DA268AF7BF00CCFB6D /* missions.json */; };
		2B9EE8DD268AF7BF00CCFB6D /* missions.json in Resources */ = {isa = PBXBuildFile; fileRef = 2B9EE8DA268AF7BF00CCFB6D /* missions.json */; };
		2B9EE8DE268AF7BF00CCFB6D /* astronauts.json in Resources */ = {isa = PBXBuildFile; fileRef = 2B9EE8DB268AF7BF00CCFB6D /* astronauts.json */; };
		2B9EE8DF268AF7BF00CCFB6D /* astronauts.json in Resources */ = {isa = PBXBuildFile; fileRef = 2B9EE8DB268AF7BF00CCFB6D /* astronauts.json */; };
		2B9EE8E1268AF88800CCFB6D /* Mission.swift in Sources */ = {isa = PBXBuildFile; fileRef = 2B9EE8E0268AF88800CCFB6D /* Mission.swift */; };
		2B9EE8E2268AF88800CCFB6D /* Mission.swift in Sources */ = {isa = PBXBuildFile; fileRef = 2B9EE8E0268AF88800CCFB6D /* Mission.swift */; };
		2B9EE8E4268AF92900CCFB6D /* BundleExtensions.swift in Sources */ = {isa = PBXBuildFile; fileRef = 2B9EE8E3268AF92900CCFB6D /* BundleExtensions.swift */; };
		2B9EE8E5268AF92900CCFB6D /* BundleExtensions.swift in Sources */ = {isa = PBXBuildFile; fileRef = 2B9EE8E3268AF92900CCFB6D /* BundleExtensions.swift */; };
		2B9EE8E7268AFE5100CCFB6D /* Astronuat.swift in Sources */ = {isa = PBXBuildFile; fileRef = 2B9EE8E6268AFE5100CCFB6D /* Astronuat.swift */; };
		2B9EE8E8268AFE5100CCFB6D /* Astronuat.swift in Sources */ = {isa = PBXBuildFile; fileRef = 2B9EE8E6268AFE5100CCFB6D /* Astronuat.swift */; };
		2B9EE8EA268B01DC00CCFB6D /* MissionView.swift in Sources */ = {isa = PBXBuildFile; fileRef = 2B9EE8E9268B01DC00CCFB6D /* MissionView.swift */; };
		2B9EE8EB268B01DC00CCFB6D /* MissionView.swift in Sources */ = {isa = PBXBuildFile; fileRef = 2B9EE8E9268B01DC00CCFB6D /* MissionView.swift */; };
		2B9EE8ED268B169000CCFB6D /* AstronuatView.swift in Sources */ = {isa = PBXBuildFile; fileRef = 2B9EE8EC268B169000CCFB6D /* AstronuatView.swift */; };
		2B9EE8EE268B169000CCFB6D /* AstronuatView.swift in Sources */ = {isa = PBXBuildFile; fileRef = 2B9EE8EC268B169000CCFB6D /* AstronuatView.swift */; };
/* End PBXBuildFile section */

/* Begin PBXFileReference section */
		2B9EE8B9268AF78600CCFB6D /* MoonshotApp.swift */ = {isa = PBXFileReference; lastKnownFileType = sourcecode.swift; path = MoonshotApp.swift; sourceTree = "<group>"; };
		2B9EE8BA268AF78600CCFB6D /* ContentView.swift */ = {isa = PBXFileReference; lastKnownFileType = sourcecode.swift; path = ContentView.swift; sourceTree = "<group>"; };
		2B9EE8BB268AF78900CCFB6D /* Assets.xcassets */ = {isa = PBXFileReference; lastKnownFileType = folder.assetcatalog; path = Assets.xcassets; sourceTree = "<group>"; };
		2B9EE8C0268AF78900CCFB6D /* Moonshot.app */ = {isa = PBXFileReference; explicitFileType = wrapper.application; includeInIndex = 0; path = Moonshot.app; sourceTree = BUILT_PRODUCTS_DIR; };
		2B9EE8C3268AF78900CCFB6D /* Info.plist */ = {isa = PBXFileReference; lastKnownFileType = text.plist.xml; path = Info.plist; sourceTree = "<group>"; };
		2B9EE8C8268AF78900CCFB6D /* Moonshot.app */ = {isa = PBXFileReference; explicitFileType = wrapper.application; includeInIndex = 0; path = Moonshot.app; sourceTree = BUILT_PRODUCTS_DIR; };
		2B9EE8CA268AF78900CCFB6D /* Info.plist */ = {isa = PBXFileReference; lastKnownFileType = text.plist.xml; path = Info.plist; sourceTree = "<group>"; };
		2B9EE8CB268AF78900CCFB6D /* macOS.entitlements */ = {isa = PBXFileReference; lastKnownFileType = text.plist.entitlements; path = macOS.entitlements; sourceTree = "<group>"; };
		2B9EE8DA268AF7BF00CCFB6D /* missions.json */ = {isa = PBXFileReference; fileEncoding = 4; lastKnownFileType = text.json; path = missions.json; sourceTree = "<group>"; };
		2B9EE8DB268AF7BF00CCFB6D /* astronauts.json */ = {isa = PBXFileReference; fileEncoding = 4; lastKnownFileType = text.json; path = astronauts.json; sourceTree = "<group>"; };
		2B9EE8E0268AF88800CCFB6D /* Mission.swift */ = {isa = PBXFileReference; lastKnownFileType = sourcecode.swift; path = Mission.swift; sourceTree = "<group>"; };
		2B9EE8E3268AF92900CCFB6D /* BundleExtensions.swift */ = {isa = PBXFileReference; lastKnownFileType = sourcecode.swift; path = BundleExtensions.swift; sourceTree = "<group>"; };
		2B9EE8E6268AFE5100CCFB6D /* Astronuat.swift */ = {isa = PBXFileReference; lastKnownFileType = sourcecode.swift; path = Astronuat.swift; sourceTree = "<group>"; };
		2B9EE8E9268B01DC00CCFB6D /* MissionView.swift */ = {isa = PBXFileReference; lastKnownFileType = sourcecode.swift; path = MissionView.swift; sourceTree = "<group>"; };
		2B9EE8EC268B169000CCFB6D /* AstronuatView.swift */ = {isa = PBXFileReference; lastKnownFileType = sourcecode.swift; path = AstronuatView.swift; sourceTree = "<group>"; };
/* End PBXFileReference section */

/* Begin PBXFrameworksBuildPhase section */
		2B9EE8BD268AF78900CCFB6D /* Frameworks */ = {
			isa = PBXFrameworksBuildPhase;
			buildActionMask = 2147483647;
			files = (
			);
			runOnlyForDeploymentPostprocessing = 0;
		};
		2B9EE8C5268AF78900CCFB6D /* Frameworks */ = {
			isa = PBXFrameworksBuildPhase;
			buildActionMask = 2147483647;
			files = (
			);
			runOnlyForDeploymentPostprocessing = 0;
		};
/* End PBXFrameworksBuildPhase section */

/* Begin PBXGroup section */
		2B9EE8B3268AF78600CCFB6D = {
			isa = PBXGroup;
			children = (
				2B9EE8EC268B169000CCFB6D /* AstronuatView.swift */,
				2B9EE8B8268AF78600CCFB6D /* Shared */,
				2B9EE8C2268AF78900CCFB6D /* iOS */,
				2B9EE8C9268AF78900CCFB6D /* macOS */,
				2B9EE8C1268AF78900CCFB6D /* Products */,
			);
			sourceTree = "<group>";
		};
		2B9EE8B8268AF78600CCFB6D /* Shared */ = {
			isa = PBXGroup;
			children = (
				2B9EE8B9268AF78600CCFB6D /* MoonshotApp.swift */,
				2B9EE8BA268AF78600CCFB6D /* ContentView.swift */,
				2B9EE8E9268B01DC00CCFB6D /* MissionView.swift */,
				2B9EE8E0268AF88800CCFB6D /* Mission.swift */,
				2B9EE8E6268AFE5100CCFB6D /* Astronuat.swift */,
				2B9EE8E3268AF92900CCFB6D /* BundleExtensions.swift */,
				2B9EE8DB268AF7BF00CCFB6D /* astronauts.json */,
				2B9EE8DA268AF7BF00CCFB6D /* missions.json */,
				2B9EE8BB268AF78900CCFB6D /* Assets.xcassets */,
			);
			path = Shared;
			sourceTree = "<group>";
		};
		2B9EE8C1268AF78900CCFB6D /* Products */ = {
			isa = PBXGroup;
			children = (
				2B9EE8C0268AF78900CCFB6D /* Moonshot.app */,
				2B9EE8C8268AF78900CCFB6D /* Moonshot.app */,
			);
			name = Products;
			sourceTree = "<group>";
		};
		2B9EE8C2268AF78900CCFB6D /* iOS */ = {
			isa = PBXGroup;
			children = (
				2B9EE8C3268AF78900CCFB6D /* Info.plist */,
			);
			path = iOS;
			sourceTree = "<group>";
		};
		2B9EE8C9268AF78900CCFB6D /* macOS */ = {
			isa = PBXGroup;
			children = (
				2B9EE8CA268AF78900CCFB6D /* Info.plist */,
				2B9EE8CB268AF78900CCFB6D /* macOS.entitlements */,
			);
			path = macOS;
			sourceTree = "<group>";
		};
/* End PBXGroup section */

/* Begin PBXNativeTarget section */
		2B9EE8BF268AF78900CCFB6D /* Moonshot (iOS) */ = {
			isa = PBXNativeTarget;
			buildConfigurationList = 2B9EE8D4268AF78900CCFB6D /* Build configuration list for PBXNativeTarget "Moonshot (iOS)" */;
			buildPhases = (
				2B9EE8BC268AF78900CCFB6D /* Sources */,
				2B9EE8BD268AF78900CCFB6D /* Frameworks */,
				2B9EE8BE268AF78900CCFB6D /* Resources */,
			);
			buildRules = (
			);
			dependencies = (
			);
			name = "Moonshot (iOS)";
			productName = "Moonshot (iOS)";
			productReference = 2B9EE8C0268AF78900CCFB6D /* Moonshot.app */;
			productType = "com.apple.product-type.application";
		};
		2B9EE8C7268AF78900CCFB6D /* Moonshot (macOS) */ = {
			isa = PBXNativeTarget;
			buildConfigurationList = 2B9EE8D7268AF78900CCFB6D /* Build configuration list for PBXNativeTarget "Moonshot (macOS)" */;
			buildPhases = (
				2B9EE8C4268AF78900CCFB6D /* Sources */,
				2B9EE8C5268AF78900CCFB6D /* Frameworks */,
				2B9EE8C6268AF78900CCFB6D /* Resources */,
			);
			buildRules = (
			);
			dependencies = (
			);
			name = "Moonshot (macOS)";
			productName = "Moonshot (macOS)";
			productReference = 2B9EE8C8268AF78900CCFB6D /* Moonshot.app */;
			productType = "com.apple.product-type.application";
		};
/* End PBXNativeTarget section */

/* Begin PBXProject section */
		2B9EE8B4268AF78600CCFB6D /* Project object */ = {
			isa = PBXProject;
			attributes = {
				LastSwiftUpdateCheck = 1250;
				LastUpgradeCheck = 1250;
				TargetAttributes = {
					2B9EE8BF268AF78900CCFB6D = {
						CreatedOnToolsVersion = 12.5.1;
					};
					2B9EE8C7268AF78900CCFB6D = {
						CreatedOnToolsVersion = 12.5.1;
					};
				};
			};
			buildConfigurationList = 2B9EE8B7268AF78600CCFB6D /* Build configuration list for PBXProject "Moonshot" */;
			compatibilityVersion = "Xcode 9.3";
			developmentRegion = en;
			hasScannedForEncodings = 0;
			knownRegions = (
				en,
				Base,
			);
			mainGroup = 2B9EE8B3268AF78600CCFB6D;
			productRefGroup = 2B9EE8C1268AF78900CCFB6D /* Products */;
			projectDirPath = "";
			projectRoot = "";
			targets = (
				2B9EE8BF268AF78900CCFB6D /* Moonshot (iOS) */,
				2B9EE8C7268AF78900CCFB6D /* Moonshot (macOS) */,
			);
		};
/* End PBXProject section */

/* Begin PBXResourcesBuildPhase section */
		2B9EE8BE268AF78900CCFB6D /* Resources */ = {
			isa = PBXResourcesBuildPhase;
			buildActionMask = 2147483647;
			files = (
				2B9EE8DE268AF7BF00CCFB6D /* astronauts.json in Resources */,
				2B9EE8DC268AF7BF00CCFB6D /* missions.json in Resources */,
				2B9EE8D0268AF78900CCFB6D /* Assets.xcassets in Resources */,
			);
			runOnlyForDeploymentPostprocessing = 0;
		};
		2B9EE8C6268AF78900CCFB6D /* Resources */ = {
			isa = PBXResourcesBuildPhase;
			buildActionMask = 2147483647;
			files = (
				2B9EE8DF268AF7BF00CCFB6D /* astronauts.json in Resources */,
				2B9EE8DD268AF7BF00CCFB6D /* missions.json in Resources */,
				2B9EE8D1268AF78900CCFB6D /* Assets.xcassets in Resources */,
			);
			runOnlyForDeploymentPostprocessing = 0;
		};
/* End PBXResourcesBuildPhase section */

/* Begin PBXSourcesBuildPhase section */
		2B9EE8BC268AF78900CCFB6D /* Sources */ = {
			isa = PBXSourcesBuildPhase;
			buildActionMask = 2147483647;
			files = (
				2B9EE8E7268AFE5100CCFB6D /* Astronuat.swift in Sources */,
				2B9EE8E1268AF88800CCFB6D /* Mission.swift in Sources */,
				2B9EE8ED268B169000CCFB6D /* AstronuatView.swift in Sources */,
				2B9EE8CE268AF78900CCFB6D /* ContentView.swift in Sources */,
				2B9EE8CC268AF78900CCFB6D /* MoonshotApp.swift in Sources */,
				2B9EE8E4268AF92900CCFB6D /* BundleExtensions.swift in Sources */,
				2B9EE8EA268B01DC00CCFB6D /* MissionView.swift in Sources */,
			);
			runOnlyForDeploymentPostprocessing = 0;
		};
		2B9EE8C4268AF78900CCFB6D /* Sources */ = {
			isa = PBXSourcesBuildPhase;
			buildActionMask = 2147483647;
			files = (
				2B9EE8E8268AFE5100CCFB6D /* Astronuat.swift in Sources */,
				2B9EE8E2268AF88800CCFB6D /* Mission.swift in Sources */,
				2B9EE8EE268B169000CCFB6D /* AstronuatView.swift in Sources */,
				2B9EE8CF268AF78900CCFB6D /* ContentView.swift in Sources */,
				2B9EE8CD268AF78900CCFB6D /* MoonshotApp.swift in Sources */,
				2B9EE8E5268AF92900CCFB6D /* BundleExtensions.swift in Sources */,
				2B9EE8EB268B01DC00CCFB6D /* MissionView.swift in Sources */,
			);
			runOnlyForDeploymentPostprocessing = 0;
		};
/* End PBXSourcesBuildPhase section */

/* Begin XCBuildConfiguration section */
		2B9EE8D2268AF78900CCFB6D /* Debug */ = {
			isa = XCBuildConfiguration;
			buildSettings = {
				ALWAYS_SEARCH_USER_PATHS = NO;
				CLANG_ANALYZER_NONNULL = YES;
				CLANG_ANALYZER_NUMBER_OBJECT_CONVERSION = YES_AGGRESSIVE;
				CLANG_CXX_LANGUAGE_STANDARD = "gnu++14";
				CLANG_CXX_LIBRARY = "libc++";
				CLANG_ENABLE_MODULES = YES;
				CLANG_ENABLE_OBJC_ARC = YES;
				CLANG_ENABLE_OBJC_WEAK = YES;
				CLANG_WARN_BLOCK_CAPTURE_AUTORELEASING = YES;
				CLANG_WARN_BOOL_CONVERSION = YES;
				CLANG_WARN_COMMA = YES;
				CLANG_WARN_CONSTANT_CONVERSION = YES;
				CLANG_WARN_DEPRECATED_OBJC_IMPLEMENTATIONS = YES;
				CLANG_WARN_DIRECT_OBJC_ISA_USAGE = YES_ERROR;
				CLANG_WARN_DOCUMENTATION_COMMENTS = YES;
				CLANG_WARN_EMPTY_BODY = YES;
				CLANG_WARN_ENUM_CONVERSION = YES;
				CLANG_WARN_INFINITE_RECURSION = YES;
				CLANG_WARN_INT_CONVERSION = YES;
				CLANG_WARN_NON_LITERAL_NULL_CONVERSION = YES;
				CLANG_WARN_OBJC_IMPLICIT_RETAIN_SELF = YES;
				CLANG_WARN_OBJC_LITERAL_CONVERSION = YES;
				CLANG_WARN_OBJC_ROOT_CLASS = YES_ERROR;
				CLANG_WARN_QUOTED_INCLUDE_IN_FRAMEWORK_HEADER = YES;
				CLANG_WARN_RANGE_LOOP_ANALYSIS = YES;
				CLANG_WARN_STRICT_PROTOTYPES = YES;
				CLANG_WARN_SUSPICIOUS_MOVE = YES;
				CLANG_WARN_UNGUARDED_AVAILABILITY = YES_AGGRESSIVE;
				CLANG_WARN_UNREACHABLE_CODE = YES;
				CLANG_WARN__DUPLICATE_METHOD_MATCH = YES;
				COPY_PHASE_STRIP = NO;
				DEBUG_INFORMATION_FORMAT = dwarf;
				ENABLE_STRICT_OBJC_MSGSEND = YES;
				ENABLE_TESTABILITY = YES;
				GCC_C_LANGUAGE_STANDARD = gnu11;
				GCC_DYNAMIC_NO_PIC = NO;
				GCC_NO_COMMON_BLOCKS = YES;
				GCC_OPTIMIZATION_LEVEL = 0;
				GCC_PREPROCESSOR_DEFINITIONS = (
					"DEBUG=1",
					"$(inherited)",
				);
				GCC_WARN_64_TO_32_BIT_CONVERSION = YES;
				GCC_WARN_ABOUT_RETURN_TYPE = YES_ERROR;
				GCC_WARN_UNDECLARED_SELECTOR = YES;
				GCC_WARN_UNINITIALIZED_AUTOS = YES_AGGRESSIVE;
				GCC_WARN_UNUSED_FUNCTION = YES;
				GCC_WARN_UNUSED_VARIABLE = YES;
				MTL_ENABLE_DEBUG_INFO = INCLUDE_SOURCE;
				MTL_FAST_MATH = YES;
				ONLY_ACTIVE_ARCH = YES;
				SWIFT_ACTIVE_COMPILATION_CONDITIONS = DEBUG;
				SWIFT_OPTIMIZATION_LEVEL = "-Onone";
			};
			name = Debug;
		};
		2B9EE8D3268AF78900CCFB6D /* Release */ = {
			isa = XCBuildConfiguration;
			buildSettings = {
				ALWAYS_SEARCH_USER_PATHS = NO;
				CLANG_ANALYZER_NONNULL = YES;
				CLANG_ANALYZER_NUMBER_OBJECT_CONVERSION = YES_AGGRESSIVE;
				CLANG_CXX_LANGUAGE_STANDARD = "gnu++14";
				CLANG_CXX_LIBRARY = "libc++";
				CLANG_ENABLE_MODULES = YES;
				CLANG_ENABLE_OBJC_ARC = YES;
				CLANG_ENABLE_OBJC_WEAK = YES;
				CLANG_WARN_BLOCK_CAPTURE_AUTORELEASING = YES;
				CLANG_WARN_BOOL_CONVERSION = YES;
				CLANG_WARN_COMMA = YES;
				CLANG_WARN_CONSTANT_CONVERSION = YES;
				CLANG_WARN_DEPRECATED_OBJC_IMPLEMENTATIONS = YES;
				CLANG_WARN_DIRECT_OBJC_ISA_USAGE = YES_ERROR;
				CLANG_WARN_DOCUMENTATION_COMMENTS = YES;
				CLANG_WARN_EMPTY_BODY = YES;
				CLANG_WARN_ENUM_CONVERSION = YES;
				CLANG_WARN_INFINITE_RECURSION = YES;
				CLANG_WARN_INT_CONVERSION = YES;
				CLANG_WARN_NON_LITERAL_NULL_CONVERSION = YES;
				CLANG_WARN_OBJC_IMPLICIT_RETAIN_SELF = YES;
				CLANG_WARN_OBJC_LITERAL_CONVERSION = YES;
				CLANG_WARN_OBJC_ROOT_CLASS = YES_ERROR;
				CLANG_WARN_QUOTED_INCLUDE_IN_FRAMEWORK_HEADER = YES;
				CLANG_WARN_RANGE_LOOP_ANALYSIS = YES;
				CLANG_WARN_STRICT_PROTOTYPES = YES;
				CLANG_WARN_SUSPICIOUS_MOVE = YES;
				CLANG_WARN_UNGUARDED_AVAILABILITY = YES_AGGRESSIVE;
				CLANG_WARN_UNREACHABLE_CODE = YES;
				CLANG_WARN__DUPLICATE_METHOD_MATCH = YES;
				COPY_PHASE_STRIP = NO;
				DEBUG_INFORMATION_FORMAT = "dwarf-with-dsym";
				ENABLE_NS_ASSERTIONS = NO;
				ENABLE_STRICT_OBJC_MSGSEND = YES;
				GCC_C_LANGUAGE_STANDARD = gnu11;
				GCC_NO_COMMON_BLOCKS = YES;
				GCC_WARN_64_TO_32_BIT_CONVERSION = YES;
				GCC_WARN_ABOUT_RETURN_TYPE = YES_ERROR;
				GCC_WARN_UNDECLARED_SELECTOR = YES;
				GCC_WARN_UNINITIALIZED_AUTOS = YES_AGGRESSIVE;
				GCC_WARN_UNUSED_FUNCTION = YES;
				GCC_WARN_UNUSED_VARIABLE = YES;
				MTL_ENABLE_DEBUG_INFO = NO;
				MTL_FAST_MATH = YES;
				SWIFT_COMPILATION_MODE = wholemodule;
				SWIFT_OPTIMIZATION_LEVEL = "-O";
			};
			name = Release;
		};
		2B9EE8D5268AF78900CCFB6D /* Debug */ = {
			isa = XCBuildConfiguration;
			buildSettings = {
				ASSETCATALOG_COMPILER_APPICON_NAME = AppIcon;
				ASSETCATALOG_COMPILER_GLOBAL_ACCENT_COLOR_NAME = AccentColor;
				CODE_SIGN_STYLE = Automatic;
				DEVELOPMENT_TEAM = F7Y6W8MA3D;
				ENABLE_PREVIEWS = YES;
				INFOPLIST_FILE = iOS/Info.plist;
				IPHONEOS_DEPLOYMENT_TARGET = 14.0;
				LD_RUNPATH_SEARCH_PATHS = (
					"$(inherited)",
					"@executable_path/Frameworks",
				);
				PRODUCT_BUNDLE_IDENTIFIER = cydiater.Moonshot;
				PRODUCT_NAME = Moonshot;
				SDKROOT = iphoneos;
				SWIFT_VERSION = 5.0;
				TARGETED_DEVICE_FAMILY = "1,2";
			};
			name = Debug;
		};
		2B9EE8D6268AF78900CCFB6D /* Release */ = {
			isa = XCBuildConfiguration;
			buildSettings = {
				ASSETCATALOG_COMPILER_APPICON_NAME = AppIcon;
				ASSETCATALOG_COMPILER_GLOBAL_ACCENT_COLOR_NAME = AccentColor;
				CODE_SIGN_STYLE = Automatic;
				DEVELOPMENT_TEAM = F7Y6W8MA3D;
				ENABLE_PREVIEWS = YES;
				INFOPLIST_FILE = iOS/Info.plist;
				IPHONEOS_DEPLOYMENT_TARGET = 14.0;
				LD_RUNPATH_SEARCH_PATHS = (
					"$(inherited)",
					"@executable_path/Frameworks",
				);
				PRODUCT_BUNDLE_IDENTIFIER = cydiater.Moonshot;
				PRODUCT_NAME = Moonshot;
				SDKROOT = iphoneos;
				SWIFT_VERSION = 5.0;
				TARGETED_DEVICE_FAMILY = "1,2";
				VALIDATE_PRODUCT = YES;
			};
			name = Release;
		};
		2B9EE8D8268AF78900CCFB6D /* Debug */ = {
			isa = XCBuildConfiguration;
			buildSettings = {
				ASSETCATALOG_COMPILER_APPICON_NAME = AppIcon;
				ASSETCATALOG_COMPILER_GLOBAL_ACCENT_COLOR_NAME = AccentColor;
				CODE_SIGN_ENTITLEMENTS = macOS/macOS.entitlements;
				CODE_SIGN_STYLE = Automatic;
				COMBINE_HIDPI_IMAGES = YES;
				DEVELOPMENT_TEAM = F7Y6W8MA3D;
				ENABLE_HARDENED_RUNTIME = YES;
				ENABLE_PREVIEWS = YES;
				INFOPLIST_FILE = macOS/Info.plist;
				LD_RUNPATH_SEARCH_PATHS = (
					"$(inherited)",
					"@executable_path/../Frameworks",
				);
				MACOSX_DEPLOYMENT_TARGET = 11.0;
				PRODUCT_BUNDLE_IDENTIFIER = cydiater.Moonshot;
				PRODUCT_NAME = Moonshot;
				SDKROOT = macosx;
				SWIFT_VERSION = 5.0;
			};
			name = Debug;
		};
		2B9EE8D9268AF78900CCFB6D /* Release */ = {
			isa = XCBuildConfiguration;
			buildSettings = {
				ASSETCATALOG_COMPILER_APPICON_NAME = AppIcon;
				ASSETCATALOG_COMPILER_GLOBAL_ACCENT_COLOR_NAME = AccentColor;
				CODE_SIGN_ENTITLEMENTS = macOS/macOS.entitlements;
				CODE_SIGN_STYLE = Automatic;
				COMBINE_HIDPI_IMAGES = YES;
				DEVELOPMENT_TEAM = F7Y6W8MA3D;
				ENABLE_HARDENED_RUNTIME = YES;
				ENABLE_PREVIEWS = YES;
				INFOPLIST_FILE = macOS/Info.plist;
				LD_RUNPATH_SEARCH_PATHS = (
					"$(inherited)",
					"@executable_path/../Frameworks",
				);
				MACOSX_DEPLOYMENT_TARGET = 11.0;
				PRODUCT_BUNDLE_IDENTIFIER = cydiater.Moonshot;
				PRODUCT_NAME = Moonshot;
				SDKROOT = macosx;
				SWIFT_VERSION = 5.0;
			};
			name = Release;
		};
/* End XCBuildConfiguration section */

/* Begin XCConfigurationList section */
		2B9EE8B7268AF78600CCFB6D /* Build configuration list for PBXProject "Moonshot" */ = {
			isa = XCConfigurationList;
			buildConfigurations = (
				2B9EE8D2268AF78900CCFB6D /* Debug */,
				2B9EE8D3268AF78900CCFB6D /* Release */,
			);
			defaultConfigurationIsVisible = 0;
			defaultConfigurationName = Release;
		};
		2B9EE8D4268AF78900CCFB6D /* Build configuration list for PBXNativeTarget "Moonshot (iOS)" */ = {
			isa = XCConfigurationList;
			buildConfigurations = (
				2B9EE8D5268AF78900CCFB6D /* Debug */,
				2B9EE8D6268AF78900CCFB6D /* Release */,
			);
			defaultConfigurationIsVisible = 0;
			defaultConfigurationName = Release;
		};
		2B9EE8D7268AF78900CCFB6D /* Build configuration list for PBXNativeTarget "Moonshot (macOS)" */ = {
			isa = XCConfigurationList;
			buildConfigurations = (
				2B9EE8D8268AF78900CCFB6D /* Debug */,
				2B9EE8D9268AF78900CCFB6D /* Release */,
			);
			defaultConfigurationIsVisible = 0;
			defaultConfigurationName = Release;
		};
/* End XCConfigurationList section */
	};
	rootObject = 2B9EE8B4268AF78600CCFB6D /* Project object */;
}
