// !$*UTF8*$!
{
	archiveVersion = 1;
	classes = {
	};
	objectVersion = 50;
	objects = {

/* Begin PBXBuildFile section */
		2B2A7D0F2699997F00182624 /* Bucket_ListApp.swift in Sources */ = {isa = PBXBuildFile; fileRef = 2B2A7CFC2699997C00182624 /* Bucket_ListApp.swift */; };
		2B2A7D102699997F00182624 /* Bucket_ListApp.swift in Sources */ = {isa = PBXBuildFile; fileRef = 2B2A7CFC2699997C00182624 /* Bucket_ListApp.swift */; };
		2B2A7D112699997F00182624 /* ContentView.swift in Sources */ = {isa = PBXBuildFile; fileRef = 2B2A7CFD2699997C00182624 /* ContentView.swift */; };
		2B2A7D122699997F00182624 /* ContentView.swift in Sources */ = {isa = PBXBuildFile; fileRef = 2B2A7CFD2699997C00182624 /* ContentView.swift */; };
		2B2A7D132699997F00182624 /* Assets.xcassets in Resources */ = {isa = PBXBuildFile; fileRef = 2B2A7CFE2699997F00182624 /* Assets.xcassets */; };
		2B2A7D142699997F00182624 /* Assets.xcassets in Resources */ = {isa = PBXBuildFile; fileRef = 2B2A7CFE2699997F00182624 /* Assets.xcassets */; };
		2B2A7D1E2699999F00182624 /* MapView.swift in Sources */ = {isa = PBXBuildFile; fileRef = 2B2A7D1D2699999F00182624 /* MapView.swift */; };
		2B2A7D1F2699999F00182624 /* MapView.swift in Sources */ = {isa = PBXBuildFile; fileRef = 2B2A7D1D2699999F00182624 /* MapView.swift */; };
		2B2A7D21269AAA6A00182624 /* EditView.swift in Sources */ = {isa = PBXBuildFile; fileRef = 2B2A7D20269AAA6A00182624 /* EditView.swift */; };
		2B2A7D22269AAA6A00182624 /* EditView.swift in Sources */ = {isa = PBXBuildFile; fileRef = 2B2A7D20269AAA6A00182624 /* EditView.swift */; };
		2B2A7D24269ACF4C00182624 /* CodableMKPointAnnotation.swift in Sources */ = {isa = PBXBuildFile; fileRef = 2B2A7D23269ACF4C00182624 /* CodableMKPointAnnotation.swift */; };
		2B2A7D25269ACF4C00182624 /* CodableMKPointAnnotation.swift in Sources */ = {isa = PBXBuildFile; fileRef = 2B2A7D23269ACF4C00182624 /* CodableMKPointAnnotation.swift */; };
/* End PBXBuildFile section */

/* Begin PBXFileReference section */
		2B2A7CFC2699997C00182624 /* Bucket_ListApp.swift */ = {isa = PBXFileReference; lastKnownFileType = sourcecode.swift; path = Bucket_ListApp.swift; sourceTree = "<group>"; };
		2B2A7CFD2699997C00182624 /* ContentView.swift */ = {isa = PBXFileReference; lastKnownFileType = sourcecode.swift; path = ContentView.swift; sourceTree = "<group>"; };
		2B2A7CFE2699997F00182624 /* Assets.xcassets */ = {isa = PBXFileReference; lastKnownFileType = folder.assetcatalog; path = Assets.xcassets; sourceTree = "<group>"; };
		2B2A7D032699997F00182624 /* Bucket List.app */ = {isa = PBXFileReference; explicitFileType = wrapper.application; includeInIndex = 0; path = "Bucket List.app"; sourceTree = BUILT_PRODUCTS_DIR; };
		2B2A7D062699997F00182624 /* Info.plist */ = {isa = PBXFileReference; lastKnownFileType = text.plist.xml; path = Info.plist; sourceTree = "<group>"; };
		2B2A7D0B2699997F00182624 /* Bucket List.app */ = {isa = PBXFileReference; explicitFileType = wrapper.application; includeInIndex = 0; path = "Bucket List.app"; sourceTree = BUILT_PRODUCTS_DIR; };
		2B2A7D0D2699997F00182624 /* Info.plist */ = {isa = PBXFileReference; lastKnownFileType = text.plist.xml; path = Info.plist; sourceTree = "<group>"; };
		2B2A7D0E2699997F00182624 /* macOS.entitlements */ = {isa = PBXFileReference; lastKnownFileType = text.plist.entitlements; path = macOS.entitlements; sourceTree = "<group>"; };
		2B2A7D1D2699999F00182624 /* MapView.swift */ = {isa = PBXFileReference; lastKnownFileType = sourcecode.swift; path = MapView.swift; sourceTree = "<group>"; };
		2B2A7D20269AAA6A00182624 /* EditView.swift */ = {isa = PBXFileReference; lastKnownFileType = sourcecode.swift; path = EditView.swift; sourceTree = "<group>"; };
		2B2A7D23269ACF4C00182624 /* CodableMKPointAnnotation.swift */ = {isa = PBXFileReference; lastKnownFileType = sourcecode.swift; path = CodableMKPointAnnotation.swift; sourceTree = "<group>"; };
/* End PBXFileReference section */

/* Begin PBXFrameworksBuildPhase section */
		2B2A7D002699997F00182624 /* Frameworks */ = {
			isa = PBXFrameworksBuildPhase;
			buildActionMask = 2147483647;
			files = (
			);
			runOnlyForDeploymentPostprocessing = 0;
		};
		2B2A7D082699997F00182624 /* Frameworks */ = {
			isa = PBXFrameworksBuildPhase;
			buildActionMask = 2147483647;
			files = (
			);
			runOnlyForDeploymentPostprocessing = 0;
		};
/* End PBXFrameworksBuildPhase section */

/* Begin PBXGroup section */
		2B2A7CF62699997C00182624 = {
			isa = PBXGroup;
			children = (
				2B2A7CFB2699997C00182624 /* Shared */,
				2B2A7D052699997F00182624 /* iOS */,
				2B2A7D0C2699997F00182624 /* macOS */,
				2B2A7D042699997F00182624 /* Products */,
			);
			sourceTree = "<group>";
		};
		2B2A7CFB2699997C00182624 /* Shared */ = {
			isa = PBXGroup;
			children = (
				2B2A7CFC2699997C00182624 /* Bucket_ListApp.swift */,
				2B2A7CFD2699997C00182624 /* ContentView.swift */,
				2B2A7D23269ACF4C00182624 /* CodableMKPointAnnotation.swift */,
				2B2A7D1D2699999F00182624 /* MapView.swift */,
				2B2A7D20269AAA6A00182624 /* EditView.swift */,
				2B2A7CFE2699997F00182624 /* Assets.xcassets */,
			);
			path = Shared;
			sourceTree = "<group>";
		};
		2B2A7D042699997F00182624 /* Products */ = {
			isa = PBXGroup;
			children = (
				2B2A7D032699997F00182624 /* Bucket List.app */,
				2B2A7D0B2699997F00182624 /* Bucket List.app */,
			);
			name = Products;
			sourceTree = "<group>";
		};
		2B2A7D052699997F00182624 /* iOS */ = {
			isa = PBXGroup;
			children = (
				2B2A7D062699997F00182624 /* Info.plist */,
			);
			path = iOS;
			sourceTree = "<group>";
		};
		2B2A7D0C2699997F00182624 /* macOS */ = {
			isa = PBXGroup;
			children = (
				2B2A7D0D2699997F00182624 /* Info.plist */,
				2B2A7D0E2699997F00182624 /* macOS.entitlements */,
			);
			path = macOS;
			sourceTree = "<group>";
		};
/* End PBXGroup section */

/* Begin PBXNativeTarget section */
		2B2A7D022699997F00182624 /* Bucket List (iOS) */ = {
			isa = PBXNativeTarget;
			buildConfigurationList = 2B2A7D172699997F00182624 /* Build configuration list for PBXNativeTarget "Bucket List (iOS)" */;
			buildPhases = (
				2B2A7CFF2699997F00182624 /* Sources */,
				2B2A7D002699997F00182624 /* Frameworks */,
				2B2A7D012699997F00182624 /* Resources */,
			);
			buildRules = (
			);
			dependencies = (
			);
			name = "Bucket List (iOS)";
			productName = "Bucket List (iOS)";
			productReference = 2B2A7D032699997F00182624 /* Bucket List.app */;
			productType = "com.apple.product-type.application";
		};
		2B2A7D0A2699997F00182624 /* Bucket List (macOS) */ = {
			isa = PBXNativeTarget;
			buildConfigurationList = 2B2A7D1A2699997F00182624 /* Build configuration list for PBXNativeTarget "Bucket List (macOS)" */;
			buildPhases = (
				2B2A7D072699997F00182624 /* Sources */,
				2B2A7D082699997F00182624 /* Frameworks */,
				2B2A7D092699997F00182624 /* Resources */,
			);
			buildRules = (
			);
			dependencies = (
			);
			name = "Bucket List (macOS)";
			productName = "Bucket List (macOS)";
			productReference = 2B2A7D0B2699997F00182624 /* Bucket List.app */;
			productType = "com.apple.product-type.application";
		};
/* End PBXNativeTarget section */

/* Begin PBXProject section */
		2B2A7CF72699997C00182624 /* Project object */ = {
			isa = PBXProject;
			attributes = {
				LastSwiftUpdateCheck = 1250;
				LastUpgradeCheck = 1250;
				TargetAttributes = {
					2B2A7D022699997F00182624 = {
						CreatedOnToolsVersion = 12.5.1;
					};
					2B2A7D0A2699997F00182624 = {
						CreatedOnToolsVersion = 12.5.1;
					};
				};
			};
			buildConfigurationList = 2B2A7CFA2699997C00182624 /* Build configuration list for PBXProject "Bucket List" */;
			compatibilityVersion = "Xcode 9.3";
			developmentRegion = en;
			hasScannedForEncodings = 0;
			knownRegions = (
				en,
				Base,
			);
			mainGroup = 2B2A7CF62699997C00182624;
			productRefGroup = 2B2A7D042699997F00182624 /* Products */;
			projectDirPath = "";
			projectRoot = "";
			targets = (
				2B2A7D022699997F00182624 /* Bucket List (iOS) */,
				2B2A7D0A2699997F00182624 /* Bucket List (macOS) */,
			);
		};
/* End PBXProject section */

/* Begin PBXResourcesBuildPhase section */
		2B2A7D012699997F00182624 /* Resources */ = {
			isa = PBXResourcesBuildPhase;
			buildActionMask = 2147483647;
			files = (
				2B2A7D132699997F00182624 /* Assets.xcassets in Resources */,
			);
			runOnlyForDeploymentPostprocessing = 0;
		};
		2B2A7D092699997F00182624 /* Resources */ = {
			isa = PBXResourcesBuildPhase;
			buildActionMask = 2147483647;
			files = (
				2B2A7D142699997F00182624 /* Assets.xcassets in Resources */,
			);
			runOnlyForDeploymentPostprocessing = 0;
		};
/* End PBXResourcesBuildPhase section */

/* Begin PBXSourcesBuildPhase section */
		2B2A7CFF2699997F00182624 /* Sources */ = {
			isa = PBXSourcesBuildPhase;
			buildActionMask = 2147483647;
			files = (
				2B2A7D24269ACF4C00182624 /* CodableMKPointAnnotation.swift in Sources */,
				2B2A7D112699997F00182624 /* ContentView.swift in Sources */,
				2B2A7D1E2699999F00182624 /* MapView.swift in Sources */,
				2B2A7D21269AAA6A00182624 /* EditView.swift in Sources */,
				2B2A7D0F2699997F00182624 /* Bucket_ListApp.swift in Sources */,
			);
			runOnlyForDeploymentPostprocessing = 0;
		};
		2B2A7D072699997F00182624 /* Sources */ = {
			isa = PBXSourcesBuildPhase;
			buildActionMask = 2147483647;
			files = (
				2B2A7D25269ACF4C00182624 /* CodableMKPointAnnotation.swift in Sources */,
				2B2A7D122699997F00182624 /* ContentView.swift in Sources */,
				2B2A7D1F2699999F00182624 /* MapView.swift in Sources */,
				2B2A7D22269AAA6A00182624 /* EditView.swift in Sources */,
				2B2A7D102699997F00182624 /* Bucket_ListApp.swift in Sources */,
			);
			runOnlyForDeploymentPostprocessing = 0;
		};
/* End PBXSourcesBuildPhase section */

/* Begin XCBuildConfiguration section */
		2B2A7D152699997F00182624 /* Debug */ = {
			isa = XCBuildConfiguration;
			buildSettings = {
				ALWAYS_SEARCH_USER_PATHS = NO;
				CLANG_ANALYZER_NONNULL = YES;
				CLANG_ANALYZER_NUMBER_OBJECT_CONVERSION = YES_AGGRESSIVE;
				CLANG_CXX_LANGUAGE_STANDARD = "gnu++14";
				CLANG_CXX_LIBRARY = "libc++";
				CLANG_ENABLE_MODULES = YES;
				CLANG_ENABLE_OBJC_ARC = YES;
				CLANG_ENABLE_OBJC_WEAK = YES;
				CLANG_WARN_BLOCK_CAPTURE_AUTORELEASING = YES;
				CLANG_WARN_BOOL_CONVERSION = YES;
				CLANG_WARN_COMMA = YES;
				CLANG_WARN_CONSTANT_CONVERSION = YES;
				CLANG_WARN_DEPRECATED_OBJC_IMPLEMENTATIONS = YES;
				CLANG_WARN_DIRECT_OBJC_ISA_USAGE = YES_ERROR;
				CLANG_WARN_DOCUMENTATION_COMMENTS = YES;
				CLANG_WARN_EMPTY_BODY = YES;
				CLANG_WARN_ENUM_CONVERSION = YES;
				CLANG_WARN_INFINITE_RECURSION = YES;
				CLANG_WARN_INT_CONVERSION = YES;
				CLANG_WARN_NON_LITERAL_NULL_CONVERSION = YES;
				CLANG_WARN_OBJC_IMPLICIT_RETAIN_SELF = YES;
				CLANG_WARN_OBJC_LITERAL_CONVERSION = YES;
				CLANG_WARN_OBJC_ROOT_CLASS = YES_ERROR;
				CLANG_WARN_QUOTED_INCLUDE_IN_FRAMEWORK_HEADER = YES;
				CLANG_WARN_RANGE_LOOP_ANALYSIS = YES;
				CLANG_WARN_STRICT_PROTOTYPES = YES;
				CLANG_WARN_SUSPICIOUS_MOVE = YES;
				CLANG_WARN_UNGUARDED_AVAILABILITY = YES_AGGRESSIVE;
				CLANG_WARN_UNREACHABLE_CODE = YES;
				CLANG_WARN__DUPLICATE_METHOD_MATCH = YES;
				COPY_PHASE_STRIP = NO;
				DEBUG_INFORMATION_FORMAT = dwarf;
				ENABLE_STRICT_OBJC_MSGSEND = YES;
				ENABLE_TESTABILITY = YES;
				GCC_C_LANGUAGE_STANDARD = gnu11;
				GCC_DYNAMIC_NO_PIC = NO;
				GCC_NO_COMMON_BLOCKS = YES;
				GCC_OPTIMIZATION_LEVEL = 0;
				GCC_PREPROCESSOR_DEFINITIONS = (
					"DEBUG=1",
					"$(inherited)",
				);
				GCC_WARN_64_TO_32_BIT_CONVERSION = YES;
				GCC_WARN_ABOUT_RETURN_TYPE = YES_ERROR;
				GCC_WARN_UNDECLARED_SELECTOR = YES;
				GCC_WARN_UNINITIALIZED_AUTOS = YES_AGGRESSIVE;
				GCC_WARN_UNUSED_FUNCTION = YES;
				GCC_WARN_UNUSED_VARIABLE = YES;
				MTL_ENABLE_DEBUG_INFO = INCLUDE_SOURCE;
				MTL_FAST_MATH = YES;
				ONLY_ACTIVE_ARCH = YES;
				SWIFT_ACTIVE_COMPILATION_CONDITIONS = DEBUG;
				SWIFT_OPTIMIZATION_LEVEL = "-Onone";
			};
			name = Debug;
		};
		2B2A7D162699997F00182624 /* Release */ = {
			isa = XCBuildConfiguration;
			buildSettings = {
				ALWAYS_SEARCH_USER_PATHS = NO;
				CLANG_ANALYZER_NONNULL = YES;
				CLANG_ANALYZER_NUMBER_OBJECT_CONVERSION = YES_AGGRESSIVE;
				CLANG_CXX_LANGUAGE_STANDARD = "gnu++14";
				CLANG_CXX_LIBRARY = "libc++";
				CLANG_ENABLE_MODULES = YES;
				CLANG_ENABLE_OBJC_ARC = YES;
				CLANG_ENABLE_OBJC_WEAK = YES;
				CLANG_WARN_BLOCK_CAPTURE_AUTORELEASING = YES;
				CLANG_WARN_BOOL_CONVERSION = YES;
				CLANG_WARN_COMMA = YES;
				CLANG_WARN_CONSTANT_CONVERSION = YES;
				CLANG_WARN_DEPRECATED_OBJC_IMPLEMENTATIONS = YES;
				CLANG_WARN_DIRECT_OBJC_ISA_USAGE = YES_ERROR;
				CLANG_WARN_DOCUMENTATION_COMMENTS = YES;
				CLANG_WARN_EMPTY_BODY = YES;
				CLANG_WARN_ENUM_CONVERSION = YES;
				CLANG_WARN_INFINITE_RECURSION = YES;
				CLANG_WARN_INT_CONVERSION = YES;
				CLANG_WARN_NON_LITERAL_NULL_CONVERSION = YES;
				CLANG_WARN_OBJC_IMPLICIT_RETAIN_SELF = YES;
				CLANG_WARN_OBJC_LITERAL_CONVERSION = YES;
				CLANG_WARN_OBJC_ROOT_CLASS = YES_ERROR;
				CLANG_WARN_QUOTED_INCLUDE_IN_FRAMEWORK_HEADER = YES;
				CLANG_WARN_RANGE_LOOP_ANALYSIS = YES;
				CLANG_WARN_STRICT_PROTOTYPES = YES;
				CLANG_WARN_SUSPICIOUS_MOVE = YES;
				CLANG_WARN_UNGUARDED_AVAILABILITY = YES_AGGRESSIVE;
				CLANG_WARN_UNREACHABLE_CODE = YES;
				CLANG_WARN__DUPLICATE_METHOD_MATCH = YES;
				COPY_PHASE_STRIP = NO;
				DEBUG_INFORMATION_FORMAT = "dwarf-with-dsym";
				ENABLE_NS_ASSERTIONS = NO;
				ENABLE_STRICT_OBJC_MSGSEND = YES;
				GCC_C_LANGUAGE_STANDARD = gnu11;
				GCC_NO_COMMON_BLOCKS = YES;
				GCC_WARN_64_TO_32_BIT_CONVERSION = YES;
				GCC_WARN_ABOUT_RETURN_TYPE = YES_ERROR;
				GCC_WARN_UNDECLARED_SELECTOR = YES;
				GCC_WARN_UNINITIALIZED_AUTOS = YES_AGGRESSIVE;
				GCC_WARN_UNUSED_FUNCTION = YES;
				GCC_WARN_UNUSED_VARIABLE = YES;
				MTL_ENABLE_DEBUG_INFO = NO;
				MTL_FAST_MATH = YES;
				SWIFT_COMPILATION_MODE = wholemodule;
				SWIFT_OPTIMIZATION_LEVEL = "-O";
			};
			name = Release;
		};
		2B2A7D182699997F00182624 /* Debug */ = {
			isa = XCBuildConfiguration;
			buildSettings = {
				ASSETCATALOG_COMPILER_APPICON_NAME = AppIcon;
				ASSETCATALOG_COMPILER_GLOBAL_ACCENT_COLOR_NAME = AccentColor;
				CODE_SIGN_STYLE = Automatic;
				DEVELOPMENT_TEAM = F7Y6W8MA3D;
				ENABLE_PREVIEWS = YES;
				INFOPLIST_FILE = iOS/Info.plist;
				IPHONEOS_DEPLOYMENT_TARGET = 14.0;
				LD_RUNPATH_SEARCH_PATHS = (
					"$(inherited)",
					"@executable_path/Frameworks",
				);
				PRODUCT_BUNDLE_IDENTIFIER = "cydiater.Bucket-List";
				PRODUCT_NAME = "Bucket List";
				SDKROOT = iphoneos;
				SWIFT_VERSION = 5.0;
				TARGETED_DEVICE_FAMILY = "1,2";
			};
			name = Debug;
		};
		2B2A7D192699997F00182624 /* Release */ = {
			isa = XCBuildConfiguration;
			buildSettings = {
				ASSETCATALOG_COMPILER_APPICON_NAME = AppIcon;
				ASSETCATALOG_COMPILER_GLOBAL_ACCENT_COLOR_NAME = AccentColor;
				CODE_SIGN_STYLE = Automatic;
				DEVELOPMENT_TEAM = F7Y6W8MA3D;
				ENABLE_PREVIEWS = YES;
				INFOPLIST_FILE = iOS/Info.plist;
				IPHONEOS_DEPLOYMENT_TARGET = 14.0;
				LD_RUNPATH_SEARCH_PATHS = (
					"$(inherited)",
					"@executable_path/Frameworks",
				);
				PRODUCT_BUNDLE_IDENTIFIER = "cydiater.Bucket-List";
				PRODUCT_NAME = "Bucket List";
				SDKROOT = iphoneos;
				SWIFT_VERSION = 5.0;
				TARGETED_DEVICE_FAMILY = "1,2";
				VALIDATE_PRODUCT = YES;
			};
			name = Release;
		};
		2B2A7D1B2699997F00182624 /* Debug */ = {
			isa = XCBuildConfiguration;
			buildSettings = {
				ASSETCATALOG_COMPILER_APPICON_NAME = AppIcon;
				ASSETCATALOG_COMPILER_GLOBAL_ACCENT_COLOR_NAME = AccentColor;
				CODE_SIGN_ENTITLEMENTS = macOS/macOS.entitlements;
				CODE_SIGN_STYLE = Automatic;
				COMBINE_HIDPI_IMAGES = YES;
				DEVELOPMENT_TEAM = F7Y6W8MA3D;
				ENABLE_HARDENED_RUNTIME = YES;
				ENABLE_PREVIEWS = YES;
				INFOPLIST_FILE = macOS/Info.plist;
				LD_RUNPATH_SEARCH_PATHS = (
					"$(inherited)",
					"@executable_path/../Frameworks",
				);
				MACOSX_DEPLOYMENT_TARGET = 11.0;
				PRODUCT_BUNDLE_IDENTIFIER = "cydiater.Bucket-List";
				PRODUCT_NAME = "Bucket List";
				SDKROOT = macosx;
				SWIFT_VERSION = 5.0;
			};
			name = Debug;
		};
		2B2A7D1C2699997F00182624 /* Release */ = {
			isa = XCBuildConfiguration;
			buildSettings = {
				ASSETCATALOG_COMPILER_APPICON_NAME = AppIcon;
				ASSETCATALOG_COMPILER_GLOBAL_ACCENT_COLOR_NAME = AccentColor;
				CODE_SIGN_ENTITLEMENTS = macOS/macOS.entitlements;
				CODE_SIGN_STYLE = Automatic;
				COMBINE_HIDPI_IMAGES = YES;
				DEVELOPMENT_TEAM = F7Y6W8MA3D;
				ENABLE_HARDENED_RUNTIME = YES;
				ENABLE_PREVIEWS = YES;
				INFOPLIST_FILE = macOS/Info.plist;
				LD_RUNPATH_SEARCH_PATHS = (
					"$(inherited)",
					"@executable_path/../Frameworks",
				);
				MACOSX_DEPLOYMENT_TARGET = 11.0;
				PRODUCT_BUNDLE_IDENTIFIER = "cydiater.Bucket-List";
				PRODUCT_NAME = "Bucket List";
				SDKROOT = macosx;
				SWIFT_VERSION = 5.0;
			};
			name = Release;
		};
/* End XCBuildConfiguration section */

/* Begin XCConfigurationList section */
		2B2A7CFA2699997C00182624 /* Build configuration list for PBXProject "Bucket List" */ = {
			isa = XCConfigurationList;
			buildConfigurations = (
				2B2A7D152699997F00182624 /* Debug */,
				2B2A7D162699997F00182624 /* Release */,
			);
			defaultConfigurationIsVisible = 0;
			defaultConfigurationName = Release;
		};
		2B2A7D172699997F00182624 /* Build configuration list for PBXNativeTarget "Bucket List (iOS)" */ = {
			isa = XCConfigurationList;
			buildConfigurations = (
				2B2A7D182699997F00182624 /* Debug */,
				2B2A7D192699997F00182624 /* Release */,
			);
			defaultConfigurationIsVisible = 0;
			defaultConfigurationName = Release;
		};
		2B2A7D1A2699997F00182624 /* Build configuration list for PBXNativeTarget "Bucket List (macOS)" */ = {
			isa = XCConfigurationList;
			buildConfigurations = (
				2B2A7D1B2699997F00182624 /* Debug */,
				2B2A7D1C2699997F00182624 /* Release */,
			);
			defaultConfigurationIsVisible = 0;
			defaultConfigurationName = Release;
		};
/* End XCConfigurationList section */
	};
	rootObject = 2B2A7CF72699997C00182624 /* Project object */;
}
