// !$*UTF8*$!
{
	archiveVersion = 1;
	classes = {
	};
	objectVersion = 52;
	objects = {

/* Begin PBXBuildFile section */
		2B853B8B269DEB6500F0466F /* Hot_ProspectApp.swift in Sources */ = {isa = PBXBuildFile; fileRef = 2B853B78269DEB6200F0466F /* Hot_ProspectApp.swift */; };
		2B853B8C269DEB6500F0466F /* Hot_ProspectApp.swift in Sources */ = {isa = PBXBuildFile; fileRef = 2B853B78269DEB6200F0466F /* Hot_ProspectApp.swift */; };
		2B853B8D269DEB6500F0466F /* ContentView.swift in Sources */ = {isa = PBXBuildFile; fileRef = 2B853B79269DEB6200F0466F /* ContentView.swift */; };
		2B853B8E269DEB6500F0466F /* ContentView.swift in Sources */ = {isa = PBXBuildFile; fileRef = 2B853B79269DEB6200F0466F /* ContentView.swift */; };
		2B853B8F269DEB6500F0466F /* Assets.xcassets in Resources */ = {isa = PBXBuildFile; fileRef = 2B853B7A269DEB6500F0466F /* Assets.xcassets */; };
		2B853B90269DEB6500F0466F /* Assets.xcassets in Resources */ = {isa = PBXBuildFile; fileRef = 2B853B7A269DEB6500F0466F /* Assets.xcassets */; };
		2B853B9A269DEB9A00F0466F /* ProspectView.swift in Sources */ = {isa = PBXBuildFile; fileRef = 2B853B99269DEB9A00F0466F /* ProspectView.swift */; };
		2B853B9B269DEB9A00F0466F /* ProspectView.swift in Sources */ = {isa = PBXBuildFile; fileRef = 2B853B99269DEB9A00F0466F /* ProspectView.swift */; };
		2B853B9D269DEBA300F0466F /* MeView.swift in Sources */ = {isa = PBXBuildFile; fileRef = 2B853B9C269DEBA300F0466F /* MeView.swift */; };
		2B853B9E269DEBA300F0466F /* MeView.swift in Sources */ = {isa = PBXBuildFile; fileRef = 2B853B9C269DEBA300F0466F /* MeView.swift */; };
		2B853BA1269EB9F200F0466F /* CodeScanner in Frameworks */ = {isa = PBXBuildFile; productRef = 2B853BA0269EB9F200F0466F /* CodeScanner */; };
/* End PBXBuildFile section */

/* Begin PBXFileReference section */
		2B853B78269DEB6200F0466F /* Hot_ProspectApp.swift */ = {isa = PBXFileReference; lastKnownFileType = sourcecode.swift; path = Hot_ProspectApp.swift; sourceTree = "<group>"; };
		2B853B79269DEB6200F0466F /* ContentView.swift */ = {isa = PBXFileReference; lastKnownFileType = sourcecode.swift; path = ContentView.swift; sourceTree = "<group>"; };
		2B853B7A269DEB6500F0466F /* Assets.xcassets */ = {isa = PBXFileReference; lastKnownFileType = folder.assetcatalog; path = Assets.xcassets; sourceTree = "<group>"; };
		2B853B7F269DEB6500F0466F /* Hot Prospect.app */ = {isa = PBXFileReference; explicitFileType = wrapper.application; includeInIndex = 0; path = "Hot Prospect.app"; sourceTree = BUILT_PRODUCTS_DIR; };
		2B853B82269DEB6500F0466F /* Info.plist */ = {isa = PBXFileReference; lastKnownFileType = text.plist.xml; path = Info.plist; sourceTree = "<group>"; };
		2B853B87269DEB6500F0466F /* Hot Prospect.app */ = {isa = PBXFileReference; explicitFileType = wrapper.application; includeInIndex = 0; path = "Hot Prospect.app"; sourceTree = BUILT_PRODUCTS_DIR; };
		2B853B89269DEB6500F0466F /* Info.plist */ = {isa = PBXFileReference; lastKnownFileType = text.plist.xml; path = Info.plist; sourceTree = "<group>"; };
		2B853B8A269DEB6500F0466F /* macOS.entitlements */ = {isa = PBXFileReference; lastKnownFileType = text.plist.entitlements; path = macOS.entitlements; sourceTree = "<group>"; };
		2B853B99269DEB9A00F0466F /* ProspectView.swift */ = {isa = PBXFileReference; lastKnownFileType = sourcecode.swift; path = ProspectView.swift; sourceTree = "<group>"; };
		2B853B9C269DEBA300F0466F /* MeView.swift */ = {isa = PBXFileReference; lastKnownFileType = sourcecode.swift; path = MeView.swift; sourceTree = "<group>"; };
/* End PBXFileReference section */

/* Begin PBXFrameworksBuildPhase section */
		2B853B7C269DEB6500F0466F /* Frameworks */ = {
			isa = PBXFrameworksBuildPhase;
			buildActionMask = 2147483647;
			files = (
				2B853BA1269EB9F200F0466F /* CodeScanner in Frameworks */,
			);
			runOnlyForDeploymentPostprocessing = 0;
		};
		2B853B84269DEB6500F0466F /* Frameworks */ = {
			isa = PBXFrameworksBuildPhase;
			buildActionMask = 2147483647;
			files = (
			);
			runOnlyForDeploymentPostprocessing = 0;
		};
/* End PBXFrameworksBuildPhase section */

/* Begin PBXGroup section */
		2B853B72269DEB6200F0466F = {
			isa = PBXGroup;
			children = (
				2B853B77269DEB6200F0466F /* Shared */,
				2B853B81269DEB6500F0466F /* iOS */,
				2B853B88269DEB6500F0466F /* macOS */,
				2B853B80269DEB6500F0466F /* Products */,
			);
			sourceTree = "<group>";
		};
		2B853B77269DEB6200F0466F /* Shared */ = {
			isa = PBXGroup;
			children = (
				2B853B78269DEB6200F0466F /* Hot_ProspectApp.swift */,
				2B853B79269DEB6200F0466F /* ContentView.swift */,
				2B853B99269DEB9A00F0466F /* ProspectView.swift */,
				2B853B9C269DEBA300F0466F /* MeView.swift */,
				2B853B7A269DEB6500F0466F /* Assets.xcassets */,
			);
			path = Shared;
			sourceTree = "<group>";
		};
		2B853B80269DEB6500F0466F /* Products */ = {
			isa = PBXGroup;
			children = (
				2B853B7F269DEB6500F0466F /* Hot Prospect.app */,
				2B853B87269DEB6500F0466F /* Hot Prospect.app */,
			);
			name = Products;
			sourceTree = "<group>";
		};
		2B853B81269DEB6500F0466F /* iOS */ = {
			isa = PBXGroup;
			children = (
				2B853B82269DEB6500F0466F /* Info.plist */,
			);
			path = iOS;
			sourceTree = "<group>";
		};
		2B853B88269DEB6500F0466F /* macOS */ = {
			isa = PBXGroup;
			children = (
				2B853B89269DEB6500F0466F /* Info.plist */,
				2B853B8A269DEB6500F0466F /* macOS.entitlements */,
			);
			path = macOS;
			sourceTree = "<group>";
		};
/* End PBXGroup section */

/* Begin PBXNativeTarget section */
		2B853B7E269DEB6500F0466F /* Hot Prospect (iOS) */ = {
			isa = PBXNativeTarget;
			buildConfigurationList = 2B853B93269DEB6500F0466F /* Build configuration list for PBXNativeTarget "Hot Prospect (iOS)" */;
			buildPhases = (
				2B853B7B269DEB6500F0466F /* Sources */,
				2B853B7C269DEB6500F0466F /* Frameworks */,
				2B853B7D269DEB6500F0466F /* Resources */,
			);
			buildRules = (
			);
			dependencies = (
			);
			name = "Hot Prospect (iOS)";
			packageProductDependencies = (
				2B853BA0269EB9F200F0466F /* CodeScanner */,
			);
			productName = "Hot Prospect (iOS)";
			productReference = 2B853B7F269DEB6500F0466F /* Hot Prospect.app */;
			productType = "com.apple.product-type.application";
		};
		2B853B86269DEB6500F0466F /* Hot Prospect (macOS) */ = {
			isa = PBXNativeTarget;
			buildConfigurationList = 2B853B96269DEB6500F0466F /* Build configuration list for PBXNativeTarget "Hot Prospect (macOS)" */;
			buildPhases = (
				2B853B83269DEB6500F0466F /* Sources */,
				2B853B84269DEB6500F0466F /* Frameworks */,
				2B853B85269DEB6500F0466F /* Resources */,
			);
			buildRules = (
			);
			dependencies = (
			);
			name = "Hot Prospect (macOS)";
			productName = "Hot Prospect (macOS)";
			productReference = 2B853B87269DEB6500F0466F /* Hot Prospect.app */;
			productType = "com.apple.product-type.application";
		};
/* End PBXNativeTarget section */

/* Begin PBXProject section */
		2B853B73269DEB6200F0466F /* Project object */ = {
			isa = PBXProject;
			attributes = {
				LastSwiftUpdateCheck = 1250;
				LastUpgradeCheck = 1250;
				TargetAttributes = {
					2B853B7E269DEB6500F0466F = {
						CreatedOnToolsVersion = 12.5.1;
					};
					2B853B86269DEB6500F0466F = {
						CreatedOnToolsVersion = 12.5.1;
					};
				};
			};
			buildConfigurationList = 2B853B76269DEB6200F0466F /* Build configuration list for PBXProject "Hot Prospect" */;
			compatibilityVersion = "Xcode 9.3";
			developmentRegion = en;
			hasScannedForEncodings = 0;
			knownRegions = (
				en,
				Base,
			);
			mainGroup = 2B853B72269DEB6200F0466F;
			packageReferences = (
				2B853B9F269EB9F200F0466F /* XCRemoteSwiftPackageReference "CodeScanner" */,
			);
			productRefGroup = 2B853B80269DEB6500F0466F /* Products */;
			projectDirPath = "";
			projectRoot = "";
			targets = (
				2B853B7E269DEB6500F0466F /* Hot Prospect (iOS) */,
				2B853B86269DEB6500F0466F /* Hot Prospect (macOS) */,
			);
		};
/* End PBXProject section */

/* Begin PBXResourcesBuildPhase section */
		2B853B7D269DEB6500F0466F /* Resources */ = {
			isa = PBXResourcesBuildPhase;
			buildActionMask = 2147483647;
			files = (
				2B853B8F269DEB6500F0466F /* Assets.xcassets in Resources */,
			);
			runOnlyForDeploymentPostprocessing = 0;
		};
		2B853B85269DEB6500F0466F /* Resources */ = {
			isa = PBXResourcesBuildPhase;
			buildActionMask = 2147483647;
			files = (
				2B853B90269DEB6500F0466F /* Assets.xcassets in Resources */,
			);
			runOnlyForDeploymentPostprocessing = 0;
		};
/* End PBXResourcesBuildPhase section */

/* Begin PBXSourcesBuildPhase section */
		2B853B7B269DEB6500F0466F /* Sources */ = {
			isa = PBXSourcesBuildPhase;
			buildActionMask = 2147483647;
			files = (
				2B853B9D269DEBA300F0466F /* MeView.swift in Sources */,
				2B853B9A269DEB9A00F0466F /* ProspectView.swift in Sources */,
				2B853B8D269DEB6500F0466F /* ContentView.swift in Sources */,
				2B853B8B269DEB6500F0466F /* Hot_ProspectApp.swift in Sources */,
			);
			runOnlyForDeploymentPostprocessing = 0;
		};
		2B853B83269DEB6500F0466F /* Sources */ = {
			isa = PBXSourcesBuildPhase;
			buildActionMask = 2147483647;
			files = (
				2B853B9E269DEBA300F0466F /* MeView.swift in Sources */,
				2B853B9B269DEB9A00F0466F /* ProspectView.swift in Sources */,
				2B853B8E269DEB6500F0466F /* ContentView.swift in Sources */,
				2B853B8C269DEB6500F0466F /* Hot_ProspectApp.swift in Sources */,
			);
			runOnlyForDeploymentPostprocessing = 0;
		};
/* End PBXSourcesBuildPhase section */

/* Begin XCBuildConfiguration section */
		2B853B91269DEB6500F0466F /* Debug */ = {
			isa = XCBuildConfiguration;
			buildSettings = {
				ALWAYS_SEARCH_USER_PATHS = NO;
				CLANG_ANALYZER_NONNULL = YES;
				CLANG_ANALYZER_NUMBER_OBJECT_CONVERSION = YES_AGGRESSIVE;
				CLANG_CXX_LANGUAGE_STANDARD = "gnu++14";
				CLANG_CXX_LIBRARY = "libc++";
				CLANG_ENABLE_MODULES = YES;
				CLANG_ENABLE_OBJC_ARC = YES;
				CLANG_ENABLE_OBJC_WEAK = YES;
				CLANG_WARN_BLOCK_CAPTURE_AUTORELEASING = YES;
				CLANG_WARN_BOOL_CONVERSION = YES;
				CLANG_WARN_COMMA = YES;
				CLANG_WARN_CONSTANT_CONVERSION = YES;
				CLANG_WARN_DEPRECATED_OBJC_IMPLEMENTATIONS = YES;
				CLANG_WARN_DIRECT_OBJC_ISA_USAGE = YES_ERROR;
				CLANG_WARN_DOCUMENTATION_COMMENTS = YES;
				CLANG_WARN_EMPTY_BODY = YES;
				CLANG_WARN_ENUM_CONVERSION = YES;
				CLANG_WARN_INFINITE_RECURSION = YES;
				CLANG_WARN_INT_CONVERSION = YES;
				CLANG_WARN_NON_LITERAL_NULL_CONVERSION = YES;
				CLANG_WARN_OBJC_IMPLICIT_RETAIN_SELF = YES;
				CLANG_WARN_OBJC_LITERAL_CONVERSION = YES;
				CLANG_WARN_OBJC_ROOT_CLASS = YES_ERROR;
				CLANG_WARN_QUOTED_INCLUDE_IN_FRAMEWORK_HEADER = YES;
				CLANG_WARN_RANGE_LOOP_ANALYSIS = YES;
				CLANG_WARN_STRICT_PROTOTYPES = YES;
				CLANG_WARN_SUSPICIOUS_MOVE = YES;
				CLANG_WARN_UNGUARDED_AVAILABILITY = YES_AGGRESSIVE;
				CLANG_WARN_UNREACHABLE_CODE = YES;
				CLANG_WARN__DUPLICATE_METHOD_MATCH = YES;
				COPY_PHASE_STRIP = NO;
				DEBUG_INFORMATION_FORMAT = dwarf;
				ENABLE_STRICT_OBJC_MSGSEND = YES;
				ENABLE_TESTABILITY = YES;
				GCC_C_LANGUAGE_STANDARD = gnu11;
				GCC_DYNAMIC_NO_PIC = NO;
				GCC_NO_COMMON_BLOCKS = YES;
				GCC_OPTIMIZATION_LEVEL = 0;
				GCC_PREPROCESSOR_DEFINITIONS = (
					"DEBUG=1",
					"$(inherited)",
				);
				GCC_WARN_64_TO_32_BIT_CONVERSION = YES;
				GCC_WARN_ABOUT_RETURN_TYPE = YES_ERROR;
				GCC_WARN_UNDECLARED_SELECTOR = YES;
				GCC_WARN_UNINITIALIZED_AUTOS = YES_AGGRESSIVE;
				GCC_WARN_UNUSED_FUNCTION = YES;
				GCC_WARN_UNUSED_VARIABLE = YES;
				MTL_ENABLE_DEBUG_INFO = INCLUDE_SOURCE;
				MTL_FAST_MATH = YES;
				ONLY_ACTIVE_ARCH = YES;
				SWIFT_ACTIVE_COMPILATION_CONDITIONS = DEBUG;
				SWIFT_OPTIMIZATION_LEVEL = "-Onone";
			};
			name = Debug;
		};
		2B853B92269DEB6500F0466F /* Release */ = {
			isa = XCBuildConfiguration;
			buildSettings = {
				ALWAYS_SEARCH_USER_PATHS = NO;
				CLANG_ANALYZER_NONNULL = YES;
				CLANG_ANALYZER_NUMBER_OBJECT_CONVERSION = YES_AGGRESSIVE;
				CLANG_CXX_LANGUAGE_STANDARD = "gnu++14";
				CLANG_CXX_LIBRARY = "libc++";
				CLANG_ENABLE_MODULES = YES;
				CLANG_ENABLE_OBJC_ARC = YES;
				CLANG_ENABLE_OBJC_WEAK = YES;
				CLANG_WARN_BLOCK_CAPTURE_AUTORELEASING = YES;
				CLANG_WARN_BOOL_CONVERSION = YES;
				CLANG_WARN_COMMA = YES;
				CLANG_WARN_CONSTANT_CONVERSION = YES;
				CLANG_WARN_DEPRECATED_OBJC_IMPLEMENTATIONS = YES;
				CLANG_WARN_DIRECT_OBJC_ISA_USAGE = YES_ERROR;
				CLANG_WARN_DOCUMENTATION_COMMENTS = YES;
				CLANG_WARN_EMPTY_BODY = YES;
				CLANG_WARN_ENUM_CONVERSION = YES;
				CLANG_WARN_INFINITE_RECURSION = YES;
				CLANG_WARN_INT_CONVERSION = YES;
				CLANG_WARN_NON_LITERAL_NULL_CONVERSION = YES;
				CLANG_WARN_OBJC_IMPLICIT_RETAIN_SELF = YES;
				CLANG_WARN_OBJC_LITERAL_CONVERSION = YES;
				CLANG_WARN_OBJC_ROOT_CLASS = YES_ERROR;
				CLANG_WARN_QUOTED_INCLUDE_IN_FRAMEWORK_HEADER = YES;
				CLANG_WARN_RANGE_LOOP_ANALYSIS = YES;
				CLANG_WARN_STRICT_PROTOTYPES = YES;
				CLANG_WARN_SUSPICIOUS_MOVE = YES;
				CLANG_WARN_UNGUARDED_AVAILABILITY = YES_AGGRESSIVE;
				CLANG_WARN_UNREACHABLE_CODE = YES;
				CLANG_WARN__DUPLICATE_METHOD_MATCH = YES;
				COPY_PHASE_STRIP = NO;
				DEBUG_INFORMATION_FORMAT = "dwarf-with-dsym";
				ENABLE_NS_ASSERTIONS = NO;
				ENABLE_STRICT_OBJC_MSGSEND = YES;
				GCC_C_LANGUAGE_STANDARD = gnu11;
				GCC_NO_COMMON_BLOCKS = YES;
				GCC_WARN_64_TO_32_BIT_CONVERSION = YES;
				GCC_WARN_ABOUT_RETURN_TYPE = YES_ERROR;
				GCC_WARN_UNDECLARED_SELECTOR = YES;
				GCC_WARN_UNINITIALIZED_AUTOS = YES_AGGRESSIVE;
				GCC_WARN_UNUSED_FUNCTION = YES;
				GCC_WARN_UNUSED_VARIABLE = YES;
				MTL_ENABLE_DEBUG_INFO = NO;
				MTL_FAST_MATH = YES;
				SWIFT_COMPILATION_MODE = wholemodule;
				SWIFT_OPTIMIZATION_LEVEL = "-O";
			};
			name = Release;
		};
		2B853B94269DEB6500F0466F /* Debug */ = {
			isa = XCBuildConfiguration;
			buildSettings = {
				ASSETCATALOG_COMPILER_APPICON_NAME = AppIcon;
				ASSETCATALOG_COMPILER_GLOBAL_ACCENT_COLOR_NAME = AccentColor;
				CODE_SIGN_STYLE = Automatic;
				DEVELOPMENT_TEAM = F7Y6W8MA3D;
				ENABLE_PREVIEWS = YES;
				INFOPLIST_FILE = iOS/Info.plist;
				IPHONEOS_DEPLOYMENT_TARGET = 14.0;
				LD_RUNPATH_SEARCH_PATHS = (
					"$(inherited)",
					"@executable_path/Frameworks",
				);
				PRODUCT_BUNDLE_IDENTIFIER = "cydiater.Hot-Prospect";
				PRODUCT_NAME = "Hot Prospect";
				SDKROOT = iphoneos;
				SWIFT_VERSION = 5.0;
				TARGETED_DEVICE_FAMILY = "1,2";
			};
			name = Debug;
		};
		2B853B95269DEB6500F0466F /* Release */ = {
			isa = XCBuildConfiguration;
			buildSettings = {
				ASSETCATALOG_COMPILER_APPICON_NAME = AppIcon;
				ASSETCATALOG_COMPILER_GLOBAL_ACCENT_COLOR_NAME = AccentColor;
				CODE_SIGN_STYLE = Automatic;
				DEVELOPMENT_TEAM = F7Y6W8MA3D;
				ENABLE_PREVIEWS = YES;
				INFOPLIST_FILE = iOS/Info.plist;
				IPHONEOS_DEPLOYMENT_TARGET = 14.0;
				LD_RUNPATH_SEARCH_PATHS = (
					"$(inherited)",
					"@executable_path/Frameworks",
				);
				PRODUCT_BUNDLE_IDENTIFIER = "cydiater.Hot-Prospect";
				PRODUCT_NAME = "Hot Prospect";
				SDKROOT = iphoneos;
				SWIFT_VERSION = 5.0;
				TARGETED_DEVICE_FAMILY = "1,2";
				VALIDATE_PRODUCT = YES;
			};
			name = Release;
		};
		2B853B97269DEB6500F0466F /* Debug */ = {
			isa = XCBuildConfiguration;
			buildSettings = {
				ASSETCATALOG_COMPILER_APPICON_NAME = AppIcon;
				ASSETCATALOG_COMPILER_GLOBAL_ACCENT_COLOR_NAME = AccentColor;
				CODE_SIGN_ENTITLEMENTS = macOS/macOS.entitlements;
				CODE_SIGN_STYLE = Automatic;
				COMBINE_HIDPI_IMAGES = YES;
				DEVELOPMENT_TEAM = F7Y6W8MA3D;
				ENABLE_HARDENED_RUNTIME = YES;
				ENABLE_PREVIEWS = YES;
				INFOPLIST_FILE = macOS/Info.plist;
				LD_RUNPATH_SEARCH_PATHS = (
					"$(inherited)",
					"@executable_path/../Frameworks",
				);
				MACOSX_DEPLOYMENT_TARGET = 11.0;
				PRODUCT_BUNDLE_IDENTIFIER = "cydiater.Hot-Prospect";
				PRODUCT_NAME = "Hot Prospect";
				SDKROOT = macosx;
				SWIFT_VERSION = 5.0;
			};
			name = Debug;
		};
		2B853B98269DEB6500F0466F /* Release */ = {
			isa = XCBuildConfiguration;
			buildSettings = {
				ASSETCATALOG_COMPILER_APPICON_NAME = AppIcon;
				ASSETCATALOG_COMPILER_GLOBAL_ACCENT_COLOR_NAME = AccentColor;
				CODE_SIGN_ENTITLEMENTS = macOS/macOS.entitlements;
				CODE_SIGN_STYLE = Automatic;
				COMBINE_HIDPI_IMAGES = YES;
				DEVELOPMENT_TEAM = F7Y6W8MA3D;
				ENABLE_HARDENED_RUNTIME = YES;
				ENABLE_PREVIEWS = YES;
				INFOPLIST_FILE = macOS/Info.plist;
				LD_RUNPATH_SEARCH_PATHS = (
					"$(inherited)",
					"@executable_path/../Frameworks",
				);
				MACOSX_DEPLOYMENT_TARGET = 11.0;
				PRODUCT_BUNDLE_IDENTIFIER = "cydiater.Hot-Prospect";
				PRODUCT_NAME = "Hot Prospect";
				SDKROOT = macosx;
				SWIFT_VERSION = 5.0;
			};
			name = Release;
		};
/* End XCBuildConfiguration section */

/* Begin XCConfigurationList section */
		2B853B76269DEB6200F0466F /* Build configuration list for PBXProject "Hot Prospect" */ = {
			isa = XCConfigurationList;
			buildConfigurations = (
				2B853B91269DEB6500F0466F /* Debug */,
				2B853B92269DEB6500F0466F /* Release */,
			);
			defaultConfigurationIsVisible = 0;
			defaultConfigurationName = Release;
		};
		2B853B93269DEB6500F0466F /* Build configuration list for PBXNativeTarget "Hot Prospect (iOS)" */ = {
			isa = XCConfigurationList;
			buildConfigurations = (
				2B853B94269DEB6500F0466F /* Debug */,
				2B853B95269DEB6500F0466F /* Release */,
			);
			defaultConfigurationIsVisible = 0;
			defaultConfigurationName = Release;
		};
		2B853B96269DEB6500F0466F /* Build configuration list for PBXNativeTarget "Hot Prospect (macOS)" */ = {
			isa = XCConfigurationList;
			buildConfigurations = (
				2B853B97269DEB6500F0466F /* Debug */,
				2B853B98269DEB6500F0466F /* Release */,
			);
			defaultConfigurationIsVisible = 0;
			defaultConfigurationName = Release;
		};
/* End XCConfigurationList section */

/* Begin XCRemoteSwiftPackageReference section */
		2B853B9F269EB9F200F0466F /* XCRemoteSwiftPackageReference "CodeScanner" */ = {
			isa = XCRemoteSwiftPackageReference;
			repositoryURL = "https://github.com/twostraws/CodeScanner";
			requirement = {
				kind = upToNextMajorVersion;
				minimumVersion = 1.0.7;
			};
		};
/* End XCRemoteSwiftPackageReference section */

/* Begin XCSwiftPackageProductDependency section */
		2B853BA0269EB9F200F0466F /* CodeScanner */ = {
			isa = XCSwiftPackageProductDependency;
			package = 2B853B9F269EB9F200F0466F /* XCRemoteSwiftPackageReference "CodeScanner" */;
			productName = CodeScanner;
		};
/* End XCSwiftPackageProductDependency section */
	};
	rootObject = 2B853B73269DEB6200F0466F /* Project object */;
}
